PODS:
  - BlocksKit (2.2.5):
    - BlocksKit/All (= 2.2.5)
  - BlocksKit/All (2.2.5):
    - BlocksKit/Core
    - BlocksKit/DynamicDelegate
    - BlocksKit/MessageUI
    - BlocksKit/UIKit
  - BlocksKit/Core (2.2.5)
  - BlocksKit/DynamicDelegate (2.2.5)
  - BlocksKit/MessageUI (2.2.5):
    - BlocksKit/Core
    - BlocksKit/DynamicDelegate
  - BlocksKit/UIKit (2.2.5):
    - BlocksKit/Core
    - BlocksKit/DynamicDelegate
  - PureLayout (3.0.2)
  - Realm (2.0.2):
    - Realm/Headers (= 2.0.2)
  - Realm/Headers (2.0.2)
  - RealmSwift (2.0.2):
    - Realm (= 2.0.2)
  - TOCropViewController (2.0.10)

DEPENDENCIES:
  - BlocksKit (~> 2.2.5)
  - PureLayout (~> 3.0.2)
  - RealmSwift (~> 2.0.2)
  - TOCropViewController (~> 2.0.10)

SPEC CHECKSUMS:
  BlocksKit: 7f422b971407001178d181a43b99014ea2591fe6
  PureLayout: 4d550abe49a94f24c2808b9b95db9131685fe4cd
  Realm: 0f5a194af0b7e6158b83db41b4ee1a00be7ddf1a
  RealmSwift: 0eb5070d851cba7c66e841ca756d83609dc78bc8
  TOCropViewController: 62c251749c728e985b556604874fd79d9de0ed4d

PODFILE CHECKSUM: 08a0d2131a42aebef391c1b5ea9563864dac8b46

COCOAPODS: 1.1.0.rc.2
