PODS:
  - BlocksKit (2.2.5):
    - BlocksKit/All (= 2.2.5)
  - BlocksKit/All (2.2.5):
    - BlocksKit/Core
    - BlocksKit/DynamicDelegate
    - BlocksKit/MessageUI
    - BlocksKit/UIKit
  - BlocksKit/Core (2.2.5)
  - BlocksKit/DynamicDelegate (2.2.5)
  - BlocksKit/MessageUI (2.2.5):
    - BlocksKit/Core
    - BlocksKit/DynamicDelegate
  - BlocksKit/UIKit (2.2.5):
    - BlocksKit/Core
    - BlocksKit/DynamicDelegate
  - PureLayout (3.0.2)
  - Realm (1.0.2):
    - Realm/Headers (= 1.0.2)
  - Realm/Headers (1.0.2)
  - RealmSwift (1.0.2):
    - Realm (= 1.0.2)
  - TOCropViewController (2.0.7)
  - ZLSwipeableViewSwift (0.0.7)

DEPENDENCIES:
  - BlocksKit (~> 2.2.5)
  - PureLayout (~> 3.0.2)
  - RealmSwift (~> 1.0.2)
  - TOCropViewController (~> 2.0.7)
  - ZLSwipeableViewSwift (~> 0.0.7)

SPEC CHECKSUMS:
  BlocksKit: 7f422b971407001178d181a43b99014ea2591fe6
  PureLayout: 4d550abe49a94f24c2808b9b95db9131685fe4cd
  Realm: 9d5c46a4d7d27958530a8dfc58f63a99e5c2cba3
  RealmSwift: 82f3ac5e24530143dddfde2033acc0d308f27d96
  TOCropViewController: cec24e4385929683b217d08bfdc8791975cddc04
  ZLSwipeableViewSwift: f5ee94c2e4220f900f5a129118af2aef23062900

PODFILE CHECKSUM: 956a4e21565dfc1e4dfb7e44125a10108f7d0ef1

COCOAPODS: 1.0.1
