// !$*UTF8*$!
{
	archiveVersion = 1;
	classes = {
	};
	objectVersion = 46;
	objects = {

/* Begin PBXBuildFile section */
		084F13C61D65E6A700E907D6 /* AppDelegate.swift in Sources */ = {isa = PBXBuildFile; fileRef = 084F13C51D65E6A700E907D6 /* AppDelegate.swift */; };
		084F13C81D65E6A700E907D6 /* ViewController.swift in Sources */ = {isa = PBXBuildFile; fileRef = 084F13C71D65E6A700E907D6 /* ViewController.swift */; };
		084F13CB1D65E6A700E907D6 /* Main.storyboard in Resources */ = {isa = PBXBuildFile; fileRef = 084F13C91D65E6A700E907D6 /* Main.storyboard */; };
		084F13CD1D65E6A700E907D6 /* Assets.xcassets in Resources */ = {isa = PBXBuildFile; fileRef = 084F13CC1D65E6A700E907D6 /* Assets.xcassets */; };
		084F13D01D65E6A700E907D6 /* LaunchScreen.storyboard in Resources */ = {isa = PBXBuildFile; fileRef = 084F13CE1D65E6A700E907D6 /* LaunchScreen.storyboard */; };
		084F13DB1D65E6A700E907D6 /* DigDicTests.swift in Sources */ = {isa = PBXBuildFile; fileRef = 084F13DA1D65E6A700E907D6 /* DigDicTests.swift */; };
/* End PBXBuildFile section */

/* Begin PBXContainerItemProxy section */
		084F13D71D65E6A700E907D6 /* PBXContainerItemProxy */ = {
			isa = PBXContainerItemProxy;
			containerPortal = 084F13BA1D65E6A700E907D6 /* Project object */;
			proxyType = 1;
			remoteGlobalIDString = 084F13C11D65E6A700E907D6;
			remoteInfo = DigDic;
		};
/* End PBXContainerItemProxy section */

/* Begin PBXFileReference section */
		084F13C21D65E6A700E907D6 /* DigDic.app */ = {isa = PBXFileReference; explicitFileType = wrapper.application; includeInIndex = 0; path = DigDic.app; sourceTree = BUILT_PRODUCTS_DIR; };
		084F13C51D65E6A700E907D6 /* AppDelegate.swift */ = {isa = PBXFileReference; lastKnownFileType = sourcecode.swift; path = AppDelegate.swift; sourceTree = "<group>"; };
		084F13C71D65E6A700E907D6 /* ViewController.swift */ = {isa = PBXFileReference; lastKnownFileType = sourcecode.swift; path = ViewController.swift; sourceTree = "<group>"; };
		084F13CA1D65E6A700E907D6 /* Base */ = {isa = PBXFileReference; lastKnownFileType = file.storyboard; name = Base; path = Base.lproj/Main.storyboard; sourceTree = "<group>"; };
		084F13CC1D65E6A700E907D6 /* Assets.xcassets */ = {isa = PBXFileReference; lastKnownFileType = folder.assetcatalog; path = Assets.xcassets; sourceTree = "<group>"; };
		084F13CF1D65E6A700E907D6 /* Base */ = {isa = PBXFileReference; lastKnownFileType = file.storyboard; name = Base; path = Base.lproj/LaunchScreen.storyboard; sourceTree = "<group>"; };
		084F13D11D65E6A700E907D6 /* Info.plist */ = {isa = PBXFileReference; lastKnownFileType = text.plist.xml; path = Info.plist; sourceTree = "<group>"; };
		084F13D61D65E6A700E907D6 /* DigDicTests.xctest */ = {isa = PBXFileReference; explicitFileType = wrapper.cfbundle; includeInIndex = 0; path = DigDicTests.xctest; sourceTree = BUILT_PRODUCTS_DIR; };
		084F13DA1D65E6A700E907D6 /* DigDicTests.swift */ = {isa = PBXFileReference; lastKnownFileType = sourcecode.swift; path = DigDicTests.swift; sourceTree = "<group>"; };
		084F13DC1D65E6A700E907D6 /* Info.plist */ = {isa = PBXFileReference; lastKnownFileType = text.plist.xml; path = Info.plist; sourceTree = "<group>"; };
/* End PBXFileReference section */

/* Begin PBXFrameworksBuildPhase section */
		084F13BF1D65E6A700E907D6 /* Frameworks */ = {
			isa = PBXFrameworksBuildPhase;
			buildActionMask = 2147483647;
			files = (
			);
			runOnlyForDeploymentPostprocessing = 0;
		};
		084F13D31D65E6A700E907D6 /* Frameworks */ = {
			isa = PBXFrameworksBuildPhase;
			buildActionMask = 2147483647;
			files = (
			);
			runOnlyForDeploymentPostprocessing = 0;
		};
/* End PBXFrameworksBuildPhase section */

/* Begin PBXGroup section */
		084F13B91D65E6A700E907D6 = {
			isa = PBXGroup;
			children = (
				084F13C41D65E6A700E907D6 /* DigDic */,
				084F13D91D65E6A700E907D6 /* DigDicTests */,
				084F13C31D65E6A700E907D6 /* Products */,
			);
			sourceTree = "<group>";
		};
		084F13C31D65E6A700E907D6 /* Products */ = {
			isa = PBXGroup;
			children = (
				084F13C21D65E6A700E907D6 /* DigDic.app */,
				084F13D61D65E6A700E907D6 /* DigDicTests.xctest */,
			);
			name = Products;
			sourceTree = "<group>";
		};
		084F13C41D65E6A700E907D6 /* DigDic */ = {
			isa = PBXGroup;
			children = (
				084F13C51D65E6A700E907D6 /* AppDelegate.swift */,
				084F13C71D65E6A700E907D6 /* ViewController.swift */,
				084F13C91D65E6A700E907D6 /* Main.storyboard */,
				084F13CC1D65E6A700E907D6 /* Assets.xcassets */,
				084F13CE1D65E6A700E907D6 /* LaunchScreen.storyboard */,
				084F13D11D65E6A700E907D6 /* Info.plist */,
			);
			path = DigDic;
			sourceTree = "<group>";
		};
		084F13D91D65E6A700E907D6 /* DigDicTests */ = {
			isa = PBXGroup;
			children = (
				084F13DA1D65E6A700E907D6 /* DigDicTests.swift */,
				084F13DC1D65E6A700E907D6 /* Info.plist */,
			);
			path = DigDicTests;
			sourceTree = "<group>";
		};
/* End PBXGroup section */

/* Begin PBXNativeTarget section */
		084F13C11D65E6A700E907D6 /* DigDic */ = {
			isa = PBXNativeTarget;
			buildConfigurationList = 084F13DF1D65E6A800E907D6 /* Build configuration list for PBXNativeTarget "DigDic" */;
			buildPhases = (
				084F13BE1D65E6A700E907D6 /* Sources */,
				084F13BF1D65E6A700E907D6 /* Frameworks */,
				084F13C01D65E6A700E907D6 /* Resources */,
			);
			buildRules = (
			);
			dependencies = (
			);
			name = DigDic;
			productName = DigDic;
			productReference = 084F13C21D65E6A700E907D6 /* DigDic.app */;
			productType = "com.apple.product-type.application";
		};
		084F13D51D65E6A700E907D6 /* DigDicTests */ = {
			isa = PBXNativeTarget;
			buildConfigurationList = 084F13E21D65E6A800E907D6 /* Build configuration list for PBXNativeTarget "DigDicTests" */;
			buildPhases = (
				084F13D21D65E6A700E907D6 /* Sources */,
				084F13D31D65E6A700E907D6 /* Frameworks */,
				084F13D41D65E6A700E907D6 /* Resources */,
			);
			buildRules = (
			);
			dependencies = (
				084F13D81D65E6A700E907D6 /* PBXTargetDependency */,
			);
			name = DigDicTests;
			productName = DigDicTests;
			productReference = 084F13D61D65E6A700E907D6 /* DigDicTests.xctest */;
			productType = "com.apple.product-type.bundle.unit-test";
		};
/* End PBXNativeTarget section */

/* Begin PBXProject section */
		084F13BA1D65E6A700E907D6 /* Project object */ = {
			isa = PBXProject;
			attributes = {
				LastSwiftUpdateCheck = 0730;
				LastUpgradeCheck = 0730;
				ORGANIZATIONNAME = "Ilya Denisov";
				TargetAttributes = {
					084F13C11D65E6A700E907D6 = {
						CreatedOnToolsVersion = 7.3.1;
					};
					084F13D51D65E6A700E907D6 = {
						CreatedOnToolsVersion = 7.3.1;
						TestTargetID = 084F13C11D65E6A700E907D6;
					};
				};
			};
			buildConfigurationList = 084F13BD1D65E6A700E907D6 /* Build configuration list for PBXProject "DigDic" */;
			compatibilityVersion = "Xcode 3.2";
			developmentRegion = English;
			hasScannedForEncodings = 0;
			knownRegions = (
				en,
				Base,
			);
			mainGroup = 084F13B91D65E6A700E907D6;
			productRefGroup = 084F13C31D65E6A700E907D6 /* Products */;
			projectDirPath = "";
			projectRoot = "";
			targets = (
				084F13C11D65E6A700E907D6 /* DigDic */,
				084F13D51D65E6A700E907D6 /* DigDicTests */,
			);
		};
/* End PBXProject section */

/* Begin PBXResourcesBuildPhase section */
		084F13C01D65E6A700E907D6 /* Resources */ = {
			isa = PBXResourcesBuildPhase;
			buildActionMask = 2147483647;
			files = (
				084F13D01D65E6A700E907D6 /* LaunchScreen.storyboard in Resources */,
				084F13CD1D65E6A700E907D6 /* Assets.xcassets in Resources */,
				084F13CB1D65E6A700E907D6 /* Main.storyboard in Resources */,
			);
			runOnlyForDeploymentPostprocessing = 0;
		};
		084F13D41D65E6A700E907D6 /* Resources */ = {
			isa = PBXResourcesBuildPhase;
			buildActionMask = 2147483647;
			files = (
			);
			runOnlyForDeploymentPostprocessing = 0;
		};
/* End PBXResourcesBuildPhase section */

/* Begin PBXSourcesBuildPhase section */
		084F13BE1D65E6A700E907D6 /* Sources */ = {
			isa = PBXSourcesBuildPhase;
			buildActionMask = 2147483647;
			files = (
				084F13C81D65E6A700E907D6 /* ViewController.swift in Sources */,
				084F13C61D65E6A700E907D6 /* AppDelegate.swift in Sources */,
			);
			runOnlyForDeploymentPostprocessing = 0;
		};
		084F13D21D65E6A700E907D6 /* Sources */ = {
			isa = PBXSourcesBuildPhase;
			buildActionMask = 2147483647;
			files = (
				084F13DB1D65E6A700E907D6 /* DigDicTests.swift in Sources */,
			);
			runOnlyForDeploymentPostprocessing = 0;
		};
/* End PBXSourcesBuildPhase section */

/* Begin PBXTargetDependency section */
		084F13D81D65E6A700E907D6 /* PBXTargetDependency */ = {
			isa = PBXTargetDependency;
			target = 084F13C11D65E6A700E907D6 /* DigDic */;
			targetProxy = 084F13D71D65E6A700E907D6 /* PBXContainerItemProxy */;
		};
/* End PBXTargetDependency section */

/* Begin PBXVariantGroup section */
		084F13C91D65E6A700E907D6 /* Main.storyboard */ = {
			isa = PBXVariantGroup;
			children = (
				084F13CA1D65E6A700E907D6 /* Base */,
			);
			name = Main.storyboard;
			sourceTree = "<group>";
		};
		084F13CE1D65E6A700E907D6 /* LaunchScreen.storyboard */ = {
			isa = PBXVariantGroup;
			children = (
				084F13CF1D65E6A700E907D6 /* Base */,
			);
			name = LaunchScreen.storyboard;
			sourceTree = "<group>";
		};
/* End PBXVariantGroup section */

/* Begin XCBuildConfiguration section */
		084F13DD1D65E6A700E907D6 /* Debug */ = {
			isa = XCBuildConfiguration;
			buildSettings = {
				ALWAYS_SEARCH_USER_PATHS = NO;
				CLANG_ANALYZER_NONNULL = YES;
				CLANG_CXX_LANGUAGE_STANDARD = "gnu++0x";
				CLANG_CXX_LIBRARY = "libc++";
				CLANG_ENABLE_MODULES = YES;
				CLANG_ENABLE_OBJC_ARC = YES;
				CLANG_WARN_BOOL_CONVERSION = YES;
				CLANG_WARN_CONSTANT_CONVERSION = YES;
				CLANG_WARN_DIRECT_OBJC_ISA_USAGE = YES_ERROR;
				CLANG_WARN_EMPTY_BODY = YES;
				CLANG_WARN_ENUM_CONVERSION = YES;
				CLANG_WARN_INT_CONVERSION = YES;
				CLANG_WARN_OBJC_ROOT_CLASS = YES_ERROR;
				CLANG_WARN_UNREACHABLE_CODE = YES;
				CLANG_WARN__DUPLICATE_METHOD_MATCH = YES;
				"CODE_SIGN_IDENTITY[sdk=iphoneos*]" = "iPhone Developer";
				COPY_PHASE_STRIP = NO;
				DEBUG_INFORMATION_FORMAT = dwarf;
				ENABLE_STRICT_OBJC_MSGSEND = YES;
				ENABLE_TESTABILITY = YES;
				GCC_C_LANGUAGE_STANDARD = gnu99;
				GCC_DYNAMIC_NO_PIC = NO;
				GCC_NO_COMMON_BLOCKS = YES;
				GCC_OPTIMIZATION_LEVEL = 0;
				GCC_PREPROCESSOR_DEFINITIONS = (
					"DEBUG=1",
					"$(inherited)",
				);
				GCC_WARN_64_TO_32_BIT_CONVERSION = YES;
				GCC_WARN_ABOUT_RETURN_TYPE = YES_ERROR;
				GCC_WARN_UNDECLARED_SELECTOR = YES;
				GCC_WARN_UNINITIALIZED_AUTOS = YES_AGGRESSIVE;
				GCC_WARN_UNUSED_FUNCTION = YES;
				GCC_WARN_UNUSED_VARIABLE = YES;
				IPHONEOS_DEPLOYMENT_TARGET = 9.3;
				MTL_ENABLE_DEBUG_INFO = YES;
				ONLY_ACTIVE_ARCH = YES;
				SDKROOT = iphoneos;
				SWIFT_OPTIMIZATION_LEVEL = "-Onone";
			};
			name = Debug;
		};
		084F13DE1D65E6A700E907D6 /* Release */ = {
			isa = XCBuildConfiguration;
			buildSettings = {
				ALWAYS_SEARCH_USER_PATHS = NO;
				CLANG_ANALYZER_NONNULL = YES;
				CLANG_CXX_LANGUAGE_STANDARD = "gnu++0x";
				CLANG_CXX_LIBRARY = "libc++";
				CLANG_ENABLE_MODULES = YES;
				CLANG_ENABLE_OBJC_ARC = YES;
				CLANG_WARN_BOOL_CONVERSION = YES;
				CLANG_WARN_CONSTANT_CONVERSION = YES;
				CLANG_WARN_DIRECT_OBJC_ISA_USAGE = YES_ERROR;
				CLANG_WARN_EMPTY_BODY = YES;
				CLANG_WARN_ENUM_CONVERSION = YES;
				CLANG_WARN_INT_CONVERSION = YES;
				CLANG_WARN_OBJC_ROOT_CLASS = YES_ERROR;
				CLANG_WARN_UNREACHABLE_CODE = YES;
				CLANG_WARN__DUPLICATE_METHOD_MATCH = YES;
				"CODE_SIGN_IDENTITY[sdk=iphoneos*]" = "iPhone Developer";
				COPY_PHASE_STRIP = NO;
				DEBUG_INFORMATION_FORMAT = "dwarf-with-dsym";
				ENABLE_NS_ASSERTIONS = NO;
				ENABLE_STRICT_OBJC_MSGSEND = YES;
				GCC_C_LANGUAGE_STANDARD = gnu99;
				GCC_NO_COMMON_BLOCKS = YES;
				GCC_WARN_64_TO_32_BIT_CONVERSION = YES;
				GCC_WARN_ABOUT_RETURN_TYPE = YES_ERROR;
				GCC_WARN_UNDECLARED_SELECTOR = YES;
				GCC_WARN_UNINITIALIZED_AUTOS = YES_AGGRESSIVE;
				GCC_WARN_UNUSED_FUNCTION = YES;
				GCC_WARN_UNUSED_VARIABLE = YES;
				IPHONEOS_DEPLOYMENT_TARGET = 9.3;
				MTL_ENABLE_DEBUG_INFO = NO;
				SDKROOT = iphoneos;
				VALIDATE_PRODUCT = YES;
			};
			name = Release;
		};
		084F13E01D65E6A800E907D6 /* Debug */ = {
			isa = XCBuildConfiguration;
			buildSettings = {
				ASSETCATALOG_COMPILER_APPICON_NAME = AppIcon;
				INFOPLIST_FILE = DigDic/Info.plist;
				LD_RUNPATH_SEARCH_PATHS = "$(inherited) @executable_path/Frameworks";
				PRODUCT_BUNDLE_IDENTIFIER = ios.DigDic;
				PRODUCT_NAME = "$(TARGET_NAME)";
			};
			name = Debug;
		};
		084F13E11D65E6A800E907D6 /* Release */ = {
			isa = XCBuildConfiguration;
			buildSettings = {
				ASSETCATALOG_COMPILER_APPICON_NAME = AppIcon;
				INFOPLIST_FILE = DigDic/Info.plist;
				LD_RUNPATH_SEARCH_PATHS = "$(inherited) @executable_path/Frameworks";
				PRODUCT_BUNDLE_IDENTIFIER = ios.DigDic;
				PRODUCT_NAME = "$(TARGET_NAME)";
			};
			name = Release;
		};
		084F13E31D65E6A800E907D6 /* Debug */ = {
			isa = XCBuildConfiguration;
			buildSettings = {
				BUNDLE_LOADER = "$(TEST_HOST)";
				INFOPLIST_FILE = DigDicTests/Info.plist;
				LD_RUNPATH_SEARCH_PATHS = "$(inherited) @executable_path/Frameworks @loader_path/Frameworks";
				PRODUCT_BUNDLE_IDENTIFIER = ios.DigDicTests;
				PRODUCT_NAME = "$(TARGET_NAME)";
				TEST_HOST = "$(BUILT_PRODUCTS_DIR)/DigDic.app/DigDic";
			};
			name = Debug;
		};
		084F13E41D65E6A800E907D6 /* Release */ = {
			isa = XCBuildConfiguration;
			buildSettings = {
				BUNDLE_LOADER = "$(TEST_HOST)";
				INFOPLIST_FILE = DigDicTests/Info.plist;
				LD_RUNPATH_SEARCH_PATHS = "$(inherited) @executable_path/Frameworks @loader_path/Frameworks";
				PRODUCT_BUNDLE_IDENTIFIER = ios.DigDicTests;
				PRODUCT_NAME = "$(TARGET_NAME)";
				TEST_HOST = "$(BUILT_PRODUCTS_DIR)/DigDic.app/DigDic";
			};
			name = Release;
		};
/* End XCBuildConfiguration section */

/* Begin XCConfigurationList section */
		084F13BD1D65E6A700E907D6 /* Build configuration list for PBXProject "DigDic" */ = {
			isa = XCConfigurationList;
			buildConfigurations = (
				084F13DD1D65E6A700E907D6 /* Debug */,
				084F13DE1D65E6A700E907D6 /* Release */,
			);
			defaultConfigurationIsVisible = 0;
			defaultConfigurationName = Release;
		};
		084F13DF1D65E6A800E907D6 /* Build configuration list for PBXNativeTarget "DigDic" */ = {
			isa = XCConfigurationList;
			buildConfigurations = (
				084F13E01D65E6A800E907D6 /* Debug */,
				084F13E11D65E6A800E907D6 /* Release */,
			);
			defaultConfigurationIsVisible = 0;
		};
		084F13E21D65E6A800E907D6 /* Build configuration list for PBXNativeTarget "DigDicTests" */ = {
			isa = XCConfigurationList;
			buildConfigurations = (
				084F13E31D65E6A800E907D6 /* Debug */,
				084F13E41D65E6A800E907D6 /* Release */,
			);
			defaultConfigurationIsVisible = 0;
		};
/* End XCConfigurationList section */
	};
	rootObject = 084F13BA1D65E6A700E907D6 /* Project object */;
}
