// !$*UTF8*$!
{
	archiveVersion = 1;
	classes = {
	};
	objectVersion = 46;
	objects = {

/* Begin PBXBuildFile section */
		03CA0AF00450ADE64E177428 /* IDDictionariesListConfigurator.swift in Sources */ = {isa = PBXBuildFile; fileRef = 8FB9CD1A8C5903781EA6CB13 /* IDDictionariesListConfigurator.swift */; };
		08023FBB1D7E105100FB5D47 /* IDDictionaryDetailFlashcardView.swift in Sources */ = {isa = PBXBuildFile; fileRef = 08023FBA1D7E105100FB5D47 /* IDDictionaryDetailFlashcardView.swift */; };
		081CC38B1D761572001E3293 /* IDAddFlashcardFormView.swift in Sources */ = {isa = PBXBuildFile; fileRef = 081CC38A1D761572001E3293 /* IDAddFlashcardFormView.swift */; };
		081CC38D1D761C62001E3293 /* IDAddFlashcardFooterViewDelegate.swift in Sources */ = {isa = PBXBuildFile; fileRef = 081CC38C1D761C62001E3293 /* IDAddFlashcardFooterViewDelegate.swift */; };
		081CCDC71D7C65A4005B7035 /* IDDictionaryDetailFlashcardSubView.swift in Sources */ = {isa = PBXBuildFile; fileRef = 081CCDC61D7C65A4005B7035 /* IDDictionaryDetailFlashcardSubView.swift */; };
		081CCDCA1D7CAB51005B7035 /* IDDictionaryDetailDataDisplayManager.swift in Sources */ = {isa = PBXBuildFile; fileRef = 081CCDC91D7CAB50005B7035 /* IDDictionaryDetailDataDisplayManager.swift */; };
		081CCDCD1D7CACAF005B7035 /* IDDictionaryDetailCellObjectBuilderFactory.swift in Sources */ = {isa = PBXBuildFile; fileRef = 081CCDCC1D7CACAF005B7035 /* IDDictionaryDetailCellObjectBuilderFactory.swift */; };
		081CCDD01D7CACF8005B7035 /* IDDictionaryDetailCellObjectBuilder.swift in Sources */ = {isa = PBXBuildFile; fileRef = 081CCDCF1D7CACF8005B7035 /* IDDictionaryDetailCellObjectBuilder.swift */; };
		081CCDD21D7CAD2C005B7035 /* IDDictionaryDetailImageCellObjectBuilder.swift in Sources */ = {isa = PBXBuildFile; fileRef = 081CCDD11D7CAD2C005B7035 /* IDDictionaryDetailImageCellObjectBuilder.swift */; };
		081CCDD51D7CAD66005B7035 /* IDDictionaryDetailCell.swift in Sources */ = {isa = PBXBuildFile; fileRef = 081CCDD41D7CAD66005B7035 /* IDDictionaryDetailCell.swift */; };
		081CCDD81D7CAD8A005B7035 /* IDDictionaryDetailImageCell.swift in Sources */ = {isa = PBXBuildFile; fileRef = 081CCDD71D7CAD8A005B7035 /* IDDictionaryDetailImageCell.swift */; };
		081CCDDA1D7CB1B9005B7035 /* IDFlashcardData.swift in Sources */ = {isa = PBXBuildFile; fileRef = 081CCDD91D7CB1B9005B7035 /* IDFlashcardData.swift */; };
		081CCDDC1D7CB2B1005B7035 /* IDLDBFlashcardData.swift in Sources */ = {isa = PBXBuildFile; fileRef = 081CCDDB1D7CB2B1005B7035 /* IDLDBFlashcardData.swift */; };
		081CCDDE1D7CB4F9005B7035 /* IDDictionaryDetailImageCell.xib in Resources */ = {isa = PBXBuildFile; fileRef = 081CCDDD1D7CB4F9005B7035 /* IDDictionaryDetailImageCell.xib */; };
		081E909A1D70D490007FA7A1 /* IDAddFlashcardViewController.xib in Resources */ = {isa = PBXBuildFile; fileRef = 081E90991D70D490007FA7A1 /* IDAddFlashcardViewController.xib */; };
		081E90A11D70E137007FA7A1 /* IDBaseViewController.swift in Sources */ = {isa = PBXBuildFile; fileRef = 081E90A01D70E137007FA7A1 /* IDBaseViewController.swift */; };
		083935231D744C9B00F71B29 /* IDDictionariesListDataDisplayManager.swift in Sources */ = {isa = PBXBuildFile; fileRef = 083935221D744C9B00F71B29 /* IDDictionariesListDataDisplayManager.swift */; };
		084F13C61D65E6A700E907D6 /* AppDelegate.swift in Sources */ = {isa = PBXBuildFile; fileRef = 084F13C51D65E6A700E907D6 /* AppDelegate.swift */; };
		084F13DB1D65E6A700E907D6 /* DigDicTests.swift in Sources */ = {isa = PBXBuildFile; fileRef = 084F13DA1D65E6A700E907D6 /* DigDicTests.swift */; };
		084F13E91D65EA7B00E907D6 /* Assets.xcassets in Resources */ = {isa = PBXBuildFile; fileRef = 084F13E81D65EA7B00E907D6 /* Assets.xcassets */; };
		084F13EE1D65ED5E00E907D6 /* IDDictionariesListViewController.xib in Resources */ = {isa = PBXBuildFile; fileRef = 084F13ED1D65ED5E00E907D6 /* IDDictionariesListViewController.xib */; };
		084F13F61D65F34000E907D6 /* IDBaseNavigationController.swift in Sources */ = {isa = PBXBuildFile; fileRef = 084F13F51D65F34000E907D6 /* IDBaseNavigationController.swift */; };
		084F13FE1D65F3D200E907D6 /* IDBaseViewInput.swift in Sources */ = {isa = PBXBuildFile; fileRef = 084F13FC1D65F3D200E907D6 /* IDBaseViewInput.swift */; };
		084F13FF1D65F3D200E907D6 /* IDBaseViewOutput.swift in Sources */ = {isa = PBXBuildFile; fileRef = 084F13FD1D65F3D200E907D6 /* IDBaseViewOutput.swift */; };
		084F14011D65F40300E907D6 /* IDBaseModuleInput.swift in Sources */ = {isa = PBXBuildFile; fileRef = 084F14001D65F40300E907D6 /* IDBaseModuleInput.swift */; };
		084F14041D65F42F00E907D6 /* IDBaseInteractorInput.swift in Sources */ = {isa = PBXBuildFile; fileRef = 084F14021D65F42F00E907D6 /* IDBaseInteractorInput.swift */; };
		084F14051D65F42F00E907D6 /* IDBaseInteractorOutput.swift in Sources */ = {isa = PBXBuildFile; fileRef = 084F14031D65F42F00E907D6 /* IDBaseInteractorOutput.swift */; };
		084F14071D65F45900E907D6 /* IDBaseRouterInput.swift in Sources */ = {isa = PBXBuildFile; fileRef = 084F14061D65F45900E907D6 /* IDBaseRouterInput.swift */; };
		085551461D756C5C00029EED /* IDDictionariesListDataDisplayManagerDelegate.swift in Sources */ = {isa = PBXBuildFile; fileRef = 085551451D756C5C00029EED /* IDDictionariesListDataDisplayManagerDelegate.swift */; };
		0855514C1D7575F400029EED /* IDAddFlashcardFooterView.swift in Sources */ = {isa = PBXBuildFile; fileRef = 0855514B1D7575F400029EED /* IDAddFlashcardFooterView.swift */; };
		0855514E1D75761900029EED /* IDAddFlashcardFooterView.xib in Resources */ = {isa = PBXBuildFile; fileRef = 0855514D1D75761900029EED /* IDAddFlashcardFooterView.xib */; };
		0863779C1D77620E00ABB41B /* IDAddFlashcardDataDisplayManager.swift in Sources */ = {isa = PBXBuildFile; fileRef = 0863779B1D77620E00ABB41B /* IDAddFlashcardDataDisplayManager.swift */; };
		086377A31D7763C000ABB41B /* IDAddFlashcardSelectImageCell.swift in Sources */ = {isa = PBXBuildFile; fileRef = 086377A21D7763C000ABB41B /* IDAddFlashcardSelectImageCell.swift */; };
		086377A51D77649A00ABB41B /* IDAddFlashcardCell.swift in Sources */ = {isa = PBXBuildFile; fileRef = 086377A41D77649A00ABB41B /* IDAddFlashcardCell.swift */; };
		086377AF1D776A1000ABB41B /* IDAddFlashcardSelectImageCell.xib in Resources */ = {isa = PBXBuildFile; fileRef = 086377AE1D776A1000ABB41B /* IDAddFlashcardSelectImageCell.xib */; };
		086377B31D776B3500ABB41B /* IDAddFlashcardCellObjectBuilderFactory.swift in Sources */ = {isa = PBXBuildFile; fileRef = 086377B21D776B3500ABB41B /* IDAddFlashcardCellObjectBuilderFactory.swift */; };
		086377B61D77704D00ABB41B /* IDAddFlashcardDataHolder.swift in Sources */ = {isa = PBXBuildFile; fileRef = 086377B51D77704D00ABB41B /* IDAddFlashcardDataHolder.swift */; };
		086377B81D77708800ABB41B /* IDAddFlashcardCellObjectBuilder.swift in Sources */ = {isa = PBXBuildFile; fileRef = 086377B71D77708800ABB41B /* IDAddFlashcardCellObjectBuilder.swift */; };
		086377BA1D77715C00ABB41B /* IDAddFlashcardImageDataHolder.swift in Sources */ = {isa = PBXBuildFile; fileRef = 086377B91D77715C00ABB41B /* IDAddFlashcardImageDataHolder.swift */; };
		086377BC1D7773F600ABB41B /* IDAddFlashcardSelectImageCellObjectBuilder.swift in Sources */ = {isa = PBXBuildFile; fileRef = 086377BB1D7773F600ABB41B /* IDAddFlashcardSelectImageCellObjectBuilder.swift */; };
		086377BE1D77790C00ABB41B /* IDAddFlashcardDataDisplayManagerDelegate.swift in Sources */ = {isa = PBXBuildFile; fileRef = 086377BD1D77790C00ABB41B /* IDAddFlashcardDataDisplayManagerDelegate.swift */; };
		0863B6B21D7376EA009EB5B6 /* IDBaseRouter.swift in Sources */ = {isa = PBXBuildFile; fileRef = 0863B6B11D7376EA009EB5B6 /* IDBaseRouter.swift */; };
		086E79291D6B3C3000EB081F /* UINavigationItem+Buttons.swift in Sources */ = {isa = PBXBuildFile; fileRef = 086E79281D6B3C3000EB081F /* UINavigationItem+Buttons.swift */; };
		08A1ADEE1D7B69B1006A39DA /* IDBaseService.swift in Sources */ = {isa = PBXBuildFile; fileRef = 08A1ADDD1D7B69B1006A39DA /* IDBaseService.swift */; };
		08A1ADEF1D7B69B1006A39DA /* IDDictionaryService.swift in Sources */ = {isa = PBXBuildFile; fileRef = 08A1ADDE1D7B69B1006A39DA /* IDDictionaryService.swift */; };
		08A1ADF01D7B69B1006A39DA /* IDFlashcard.swift in Sources */ = {isa = PBXBuildFile; fileRef = 08A1ADE11D7B69B1006A39DA /* IDFlashcard.swift */; };
		08A1ADF31D7B69B1006A39DA /* IDDictionary.swift in Sources */ = {isa = PBXBuildFile; fileRef = 08A1ADE41D7B69B1006A39DA /* IDDictionary.swift */; };
		08A1ADF41D7B69B1006A39DA /* IDDictionarySource.swift in Sources */ = {isa = PBXBuildFile; fileRef = 08A1ADE51D7B69B1006A39DA /* IDDictionarySource.swift */; };
		08A1ADF51D7B69B1006A39DA /* IDLocalDataBaseSource.swift in Sources */ = {isa = PBXBuildFile; fileRef = 08A1ADE81D7B69B1006A39DA /* IDLocalDataBaseSource.swift */; };
		08A1ADF61D7B69B1006A39DA /* IDLDBDictionary.swift in Sources */ = {isa = PBXBuildFile; fileRef = 08A1ADEA1D7B69B1006A39DA /* IDLDBDictionary.swift */; };
		08A1ADF71D7B69B1006A39DA /* IDLDBFlashcard.swift in Sources */ = {isa = PBXBuildFile; fileRef = 08A1ADEB1D7B69B1006A39DA /* IDLDBFlashcard.swift */; };
		08A1ADFB1D7B69E9006A39DA /* IDImageManager.swift in Sources */ = {isa = PBXBuildFile; fileRef = 08A1ADFA1D7B69E9006A39DA /* IDImageManager.swift */; };
		08B4AB121D6E258100E5CE88 /* IDDictionaryDetailViewController.xib in Resources */ = {isa = PBXBuildFile; fileRef = 08B4AB111D6E258100E5CE88 /* IDDictionaryDetailViewController.xib */; };
		08DE58E21D66441D00C255E6 /* Localizable.strings in Resources */ = {isa = PBXBuildFile; fileRef = 08DE58E41D66441D00C255E6 /* Localizable.strings */; };
		08DE58EA1D6646C600C255E6 /* String+Localized.swift in Sources */ = {isa = PBXBuildFile; fileRef = 08DE58E91D6646C600C255E6 /* String+Localized.swift */; };
		0A4AE09DC7EE733B2B21606E /* IDDictionariesListInteractorTests.swift in Sources */ = {isa = PBXBuildFile; fileRef = 1929641FC0E7D6686E0104DC /* IDDictionariesListInteractorTests.swift */; };
		0D326EF69ED452DDCBA125D4 /* IDAddFlashcardInteractor.swift in Sources */ = {isa = PBXBuildFile; fileRef = 6C20C58D76B100F636642462 /* IDAddFlashcardInteractor.swift */; };
		0D4403A125CDA0E1009047FE /* IDDictionaryDetailPresenterTests.swift in Sources */ = {isa = PBXBuildFile; fileRef = 26D32D046186A27D8455707F /* IDDictionaryDetailPresenterTests.swift */; };
		0DA718AC741D71F25AF3E63E /* IDDictionariesListRouterInput.swift in Sources */ = {isa = PBXBuildFile; fileRef = ABFCB653DBEFA22386B1E1BD /* IDDictionariesListRouterInput.swift */; };
		11C3552D9EE7CF14FE232EA1 /* IDDictionaryDetailInteractorInput.swift in Sources */ = {isa = PBXBuildFile; fileRef = 1384E33B8960348149E6B8CF /* IDDictionaryDetailInteractorInput.swift */; };
		18E08ABF241AF5B7F6F08D5F /* Pods_DigDic.framework in Frameworks */ = {isa = PBXBuildFile; fileRef = C84D2429BA61854DBF241AF6 /* Pods_DigDic.framework */; };
		27EB1517FB15D56B1309070C /* IDDictionaryDetailViewController.swift in Sources */ = {isa = PBXBuildFile; fileRef = 99D6C120220C4E931CD3DFBB /* IDDictionaryDetailViewController.swift */; };
		2842A9EFCB076636AF741314 /* IDDictionaryDetailViewInput.swift in Sources */ = {isa = PBXBuildFile; fileRef = 9B6622EDD0DADBEB127EDE7E /* IDDictionaryDetailViewInput.swift */; };
		2C9D64258F6D0546CBC4A175 /* IDAddFlashcardRouterInput.swift in Sources */ = {isa = PBXBuildFile; fileRef = 9DA6E14FE57FC81FD580202B /* IDAddFlashcardRouterInput.swift */; };
		2CA3BD01F8EDABDEAEC4B49C /* IDAddFlashcardInteractorOutput.swift in Sources */ = {isa = PBXBuildFile; fileRef = 859C7FA5B9480CAC19A818B2 /* IDAddFlashcardInteractorOutput.swift */; };
		2F4A22408AA6CC7F2BEAC5FE /* IDDictionaryDetailRouterInput.swift in Sources */ = {isa = PBXBuildFile; fileRef = 363FAB7DC1C65C2AB853FC73 /* IDDictionaryDetailRouterInput.swift */; };
		2FA28F005BCA8B90F7689106 /* IDDictionaryDetailPresenter.swift in Sources */ = {isa = PBXBuildFile; fileRef = 5D53CD41234F11AE8C93E4B1 /* IDDictionaryDetailPresenter.swift */; };
		339DD14E95BF5AF0DC00977E /* IDDictionariesListConfiguratorTests.swift in Sources */ = {isa = PBXBuildFile; fileRef = 10C37CBF32F81E75A35E832F /* IDDictionariesListConfiguratorTests.swift */; };
		3A2EC88414525B4CC6D8B395 /* IDDictionariesListModuleInput.swift in Sources */ = {isa = PBXBuildFile; fileRef = D572770738EB155EA136FF42 /* IDDictionariesListModuleInput.swift */; };
		3A589DF7CE3A82FA81825F11 /* IDAddFlashcardViewInput.swift in Sources */ = {isa = PBXBuildFile; fileRef = D930CB18255A1E66BC3C5E92 /* IDAddFlashcardViewInput.swift */; };
		45701B33D8CD4B50949B4296 /* IDAddWordPresenterTests.swift in Sources */ = {isa = PBXBuildFile; fileRef = 2B8B5F066733A50FCA7EA8E3 /* IDAddWordPresenterTests.swift */; };
		5563309313CFCDF970F42CC7 /* IDAddWordConfiguratorTests.swift in Sources */ = {isa = PBXBuildFile; fileRef = 07BB6B2B98CAA5FB90C8A364 /* IDAddWordConfiguratorTests.swift */; };
		5C0012D36CCA29A97C3E4791 /* IDDictionaryDetailConfiguratorTests.swift in Sources */ = {isa = PBXBuildFile; fileRef = 338308A98C1AF2B598855681 /* IDDictionaryDetailConfiguratorTests.swift */; };
		645833ABEB171AE312D8A55F /* IDDictionariesListInteractorOutput.swift in Sources */ = {isa = PBXBuildFile; fileRef = F2CA6485CAAB2D84114C8CA6 /* IDDictionariesListInteractorOutput.swift */; };
		6BEE48A86F54732D103C0EA7 /* IDDictionariesListRouter.swift in Sources */ = {isa = PBXBuildFile; fileRef = EC138363548D5A04894A8A0F /* IDDictionariesListRouter.swift */; };
		6D39CD993FA191235D64318F /* IDDictionaryDetailRouterTests.swift in Sources */ = {isa = PBXBuildFile; fileRef = F481A7EA718C47A91875DCDB /* IDDictionaryDetailRouterTests.swift */; };
		6F407B79A3CA2FDFC84E1C13 /* IDAddFlashcardRouter.swift in Sources */ = {isa = PBXBuildFile; fileRef = 84B0124A007F52F193869808 /* IDAddFlashcardRouter.swift */; };
		723B8F6A7EF19D54FBE078DB /* IDDictionaryDetailViewTests.swift in Sources */ = {isa = PBXBuildFile; fileRef = FC2EBBA565199DDAA1BF7C1F /* IDDictionaryDetailViewTests.swift */; };
		7ADD40745138FAACBC72F159 /* IDAddWordRouterTests.swift in Sources */ = {isa = PBXBuildFile; fileRef = 0863CC1F69CEAFCD15C3449C /* IDAddWordRouterTests.swift */; };
		7D248BD796BDFCC6C8090F6E /* IDDictionaryDetailRouter.swift in Sources */ = {isa = PBXBuildFile; fileRef = 97456EA28E233A6361DD0FF8 /* IDDictionaryDetailRouter.swift */; };
		81A46CF3F23D045497A06F7C /* IDAddFlashcardViewOutput.swift in Sources */ = {isa = PBXBuildFile; fileRef = 76AC0DC3213DC62033CDEB74 /* IDAddFlashcardViewOutput.swift */; };
		8B61583EBE1ECD654801F713 /* IDDictionaryDetailInteractorTests.swift in Sources */ = {isa = PBXBuildFile; fileRef = B7F0C50883B7A57AF9C571E6 /* IDDictionaryDetailInteractorTests.swift */; };
		8BBCF3710B1094637156C098 /* IDDictionariesListViewOutput.swift in Sources */ = {isa = PBXBuildFile; fileRef = 757BCB33CEA9BCF21C5B896B /* IDDictionariesListViewOutput.swift */; };
		9E16193D6E59C89286EDCFC6 /* IDDictionaryDetailModuleInput.swift in Sources */ = {isa = PBXBuildFile; fileRef = 128950BED6A34BB5B29054E8 /* IDDictionaryDetailModuleInput.swift */; };
		AFDE776B46B4E495392A2203 /* IDDictionariesListPresenterTests.swift in Sources */ = {isa = PBXBuildFile; fileRef = E20E9B32E4B7C049F1A3898B /* IDDictionariesListPresenterTests.swift */; };
		B2CCC394C90704661B24D48C /* IDDictionaryDetailInteractor.swift in Sources */ = {isa = PBXBuildFile; fileRef = D36BFA38A97CF5BD7486E7C0 /* IDDictionaryDetailInteractor.swift */; };
		B3CC735E2E05C0A96A4CED4F /* IDAddFlashcardModuleInput.swift in Sources */ = {isa = PBXBuildFile; fileRef = F306CBEFF8935698AA966551 /* IDAddFlashcardModuleInput.swift */; };
		B52ACF295E17B5AF55110598 /* IDAddFlashcardInteractorInput.swift in Sources */ = {isa = PBXBuildFile; fileRef = FEEEC60D7456ED1F80954ACA /* IDAddFlashcardInteractorInput.swift */; };
		BA9385C1959706CC18273082 /* Pods_DigDicTests.framework in Frameworks */ = {isa = PBXBuildFile; fileRef = 93D42D706F8FFD958BD3D024 /* Pods_DigDicTests.framework */; };
		CC3CB1D1E8A052B64771FD32 /* IDAddWordViewTests.swift in Sources */ = {isa = PBXBuildFile; fileRef = 11FE6CCFC6AB109FF32D0A29 /* IDAddWordViewTests.swift */; };
		D64F75F3512D5B6D36299F6F /* IDDictionaryDetailViewOutput.swift in Sources */ = {isa = PBXBuildFile; fileRef = FDF9A50FE21D5223E57A5726 /* IDDictionaryDetailViewOutput.swift */; };
		D77E4143B6B5F5F011066236 /* IDDictionariesListViewInput.swift in Sources */ = {isa = PBXBuildFile; fileRef = 199DF158F1E8945C91C3AC89 /* IDDictionariesListViewInput.swift */; };
		D950E713B8C50D2CD0F88137 /* IDDictionariesListInteractorInput.swift in Sources */ = {isa = PBXBuildFile; fileRef = 221AB61CF607BCFB0E18F755 /* IDDictionariesListInteractorInput.swift */; };
		D9744579C7C02E065E1F9210 /* IDAddFlashcardConfigurator.swift in Sources */ = {isa = PBXBuildFile; fileRef = C93B9DCBAEE7E472BB651204 /* IDAddFlashcardConfigurator.swift */; };
		DBC18666997231F8BE46F665 /* IDDictionariesListPresenter.swift in Sources */ = {isa = PBXBuildFile; fileRef = 084506986546352BFDC79839 /* IDDictionariesListPresenter.swift */; };
		E14DC73B8A2B4A5F519456B6 /* IDDictionaryDetailConfigurator.swift in Sources */ = {isa = PBXBuildFile; fileRef = 1A7CC6AEE3CFA1C0A0EDB2B9 /* IDDictionaryDetailConfigurator.swift */; };
		E1528A507EC1ED583A1D779D /* IDDictionaryDetailInteractorOutput.swift in Sources */ = {isa = PBXBuildFile; fileRef = E4F0957A7DB4E45593F50BA3 /* IDDictionaryDetailInteractorOutput.swift */; };
		E21AA1EA9B4B2DE4C5FED40B /* IDAddWordInteractorTests.swift in Sources */ = {isa = PBXBuildFile; fileRef = 521C9D52C1054A1C7DF5BF32 /* IDAddWordInteractorTests.swift */; };
		E341AE691D11286488A115FB /* IDAddFlashcardPresenter.swift in Sources */ = {isa = PBXBuildFile; fileRef = 42B0A531BD3644B8F9479B55 /* IDAddFlashcardPresenter.swift */; };
		E40F1C69ADBDC50D9092E798 /* IDDictionariesListRouterTests.swift in Sources */ = {isa = PBXBuildFile; fileRef = 7121FA5BDB166E48857A7750 /* IDDictionariesListRouterTests.swift */; };
		E6773595B873EC1A9F11C691 /* IDDictionariesListInteractor.swift in Sources */ = {isa = PBXBuildFile; fileRef = EE2D0E5787AA2885826E6088 /* IDDictionariesListInteractor.swift */; };
		F3F4A4232F4F275D20CCCC7C /* IDDictionariesListViewTests.swift in Sources */ = {isa = PBXBuildFile; fileRef = 24C91E446F5CB3D7309D95A1 /* IDDictionariesListViewTests.swift */; };
		F4934EB3922FB4741E358414 /* IDDictionariesListViewController.swift in Sources */ = {isa = PBXBuildFile; fileRef = 750E971230A7C48DFF11B96F /* IDDictionariesListViewController.swift */; };
		FB959B8ED252B3488930458E /* IDAddFlashcardViewController.swift in Sources */ = {isa = PBXBuildFile; fileRef = 424D2E3BC23D899A5B20A03C /* IDAddFlashcardViewController.swift */; };
/* End PBXBuildFile section */

/* Begin PBXContainerItemProxy section */
		084F13D71D65E6A700E907D6 /* PBXContainerItemProxy */ = {
			isa = PBXContainerItemProxy;
			containerPortal = 084F13BA1D65E6A700E907D6 /* Project object */;
			proxyType = 1;
			remoteGlobalIDString = 084F13C11D65E6A700E907D6;
			remoteInfo = DigDic;
		};
/* End PBXContainerItemProxy section */

/* Begin PBXFileReference section */
		0126661D970EE6910779089C /* Pods-DigDicTests.release.xcconfig */ = {isa = PBXFileReference; includeInIndex = 1; lastKnownFileType = text.xcconfig; name = "Pods-DigDicTests.release.xcconfig"; path = "Pods/Target Support Files/Pods-DigDicTests/Pods-DigDicTests.release.xcconfig"; sourceTree = "<group>"; };
		07BB6B2B98CAA5FB90C8A364 /* IDAddWordConfiguratorTests.swift */ = {isa = PBXFileReference; includeInIndex = 1; lastKnownFileType = sourcecode.swift; lineEnding = 0; path = IDAddWordConfiguratorTests.swift; sourceTree = "<group>"; xcLanguageSpecificationIdentifier = xcode.lang.swift; };
		08023FBA1D7E105100FB5D47 /* IDDictionaryDetailFlashcardView.swift */ = {isa = PBXFileReference; fileEncoding = 4; lastKnownFileType = sourcecode.swift; path = IDDictionaryDetailFlashcardView.swift; sourceTree = "<group>"; };
		081CC38A1D761572001E3293 /* IDAddFlashcardFormView.swift */ = {isa = PBXFileReference; fileEncoding = 4; lastKnownFileType = sourcecode.swift; path = IDAddFlashcardFormView.swift; sourceTree = "<group>"; };
		081CC38C1D761C62001E3293 /* IDAddFlashcardFooterViewDelegate.swift */ = {isa = PBXFileReference; fileEncoding = 4; lastKnownFileType = sourcecode.swift; path = IDAddFlashcardFooterViewDelegate.swift; sourceTree = "<group>"; };
		081CCDC61D7C65A4005B7035 /* IDDictionaryDetailFlashcardSubView.swift */ = {isa = PBXFileReference; fileEncoding = 4; lastKnownFileType = sourcecode.swift; path = IDDictionaryDetailFlashcardSubView.swift; sourceTree = "<group>"; };
		081CCDC91D7CAB50005B7035 /* IDDictionaryDetailDataDisplayManager.swift */ = {isa = PBXFileReference; fileEncoding = 4; lastKnownFileType = sourcecode.swift; path = IDDictionaryDetailDataDisplayManager.swift; sourceTree = "<group>"; };
		081CCDCC1D7CACAF005B7035 /* IDDictionaryDetailCellObjectBuilderFactory.swift */ = {isa = PBXFileReference; fileEncoding = 4; lastKnownFileType = sourcecode.swift; path = IDDictionaryDetailCellObjectBuilderFactory.swift; sourceTree = "<group>"; };
		081CCDCF1D7CACF8005B7035 /* IDDictionaryDetailCellObjectBuilder.swift */ = {isa = PBXFileReference; fileEncoding = 4; lastKnownFileType = sourcecode.swift; path = IDDictionaryDetailCellObjectBuilder.swift; sourceTree = "<group>"; };
		081CCDD11D7CAD2C005B7035 /* IDDictionaryDetailImageCellObjectBuilder.swift */ = {isa = PBXFileReference; fileEncoding = 4; lastKnownFileType = sourcecode.swift; path = IDDictionaryDetailImageCellObjectBuilder.swift; sourceTree = "<group>"; };
		081CCDD41D7CAD66005B7035 /* IDDictionaryDetailCell.swift */ = {isa = PBXFileReference; fileEncoding = 4; lastKnownFileType = sourcecode.swift; path = IDDictionaryDetailCell.swift; sourceTree = "<group>"; };
		081CCDD71D7CAD8A005B7035 /* IDDictionaryDetailImageCell.swift */ = {isa = PBXFileReference; fileEncoding = 4; lastKnownFileType = sourcecode.swift; path = IDDictionaryDetailImageCell.swift; sourceTree = "<group>"; };
		081CCDD91D7CB1B9005B7035 /* IDFlashcardData.swift */ = {isa = PBXFileReference; fileEncoding = 4; lastKnownFileType = sourcecode.swift; path = IDFlashcardData.swift; sourceTree = "<group>"; };
		081CCDDB1D7CB2B1005B7035 /* IDLDBFlashcardData.swift */ = {isa = PBXFileReference; fileEncoding = 4; lastKnownFileType = sourcecode.swift; path = IDLDBFlashcardData.swift; sourceTree = "<group>"; };
		081CCDDD1D7CB4F9005B7035 /* IDDictionaryDetailImageCell.xib */ = {isa = PBXFileReference; fileEncoding = 4; lastKnownFileType = file.xib; path = IDDictionaryDetailImageCell.xib; sourceTree = "<group>"; };
		081E90991D70D490007FA7A1 /* IDAddFlashcardViewController.xib */ = {isa = PBXFileReference; fileEncoding = 4; lastKnownFileType = file.xib; path = IDAddFlashcardViewController.xib; sourceTree = "<group>"; };
		081E90A01D70E137007FA7A1 /* IDBaseViewController.swift */ = {isa = PBXFileReference; fileEncoding = 4; lastKnownFileType = sourcecode.swift; path = IDBaseViewController.swift; sourceTree = "<group>"; };
		083935221D744C9B00F71B29 /* IDDictionariesListDataDisplayManager.swift */ = {isa = PBXFileReference; fileEncoding = 4; lastKnownFileType = sourcecode.swift; path = IDDictionariesListDataDisplayManager.swift; sourceTree = "<group>"; };
		084506986546352BFDC79839 /* IDDictionariesListPresenter.swift */ = {isa = PBXFileReference; includeInIndex = 1; lastKnownFileType = sourcecode.swift; path = IDDictionariesListPresenter.swift; sourceTree = "<group>"; };
		084F13C21D65E6A700E907D6 /* DigDic.app */ = {isa = PBXFileReference; explicitFileType = wrapper.application; includeInIndex = 0; path = DigDic.app; sourceTree = BUILT_PRODUCTS_DIR; };
		084F13C51D65E6A700E907D6 /* AppDelegate.swift */ = {isa = PBXFileReference; lastKnownFileType = sourcecode.swift; path = AppDelegate.swift; sourceTree = "<group>"; };
		084F13D61D65E6A700E907D6 /* DigDicTests.xctest */ = {isa = PBXFileReference; explicitFileType = wrapper.cfbundle; includeInIndex = 0; path = DigDicTests.xctest; sourceTree = BUILT_PRODUCTS_DIR; };
		084F13DA1D65E6A700E907D6 /* DigDicTests.swift */ = {isa = PBXFileReference; lastKnownFileType = sourcecode.swift; path = DigDicTests.swift; sourceTree = "<group>"; };
		084F13DC1D65E6A700E907D6 /* Info.plist */ = {isa = PBXFileReference; lastKnownFileType = text.plist.xml; path = Info.plist; sourceTree = "<group>"; };
		084F13E81D65EA7B00E907D6 /* Assets.xcassets */ = {isa = PBXFileReference; lastKnownFileType = folder.assetcatalog; path = Assets.xcassets; sourceTree = "<group>"; };
		084F13EB1D65EAC500E907D6 /* Info.plist */ = {isa = PBXFileReference; fileEncoding = 4; lastKnownFileType = text.plist.xml; path = Info.plist; sourceTree = "<group>"; };
		084F13ED1D65ED5E00E907D6 /* IDDictionariesListViewController.xib */ = {isa = PBXFileReference; fileEncoding = 4; lastKnownFileType = file.xib; path = IDDictionariesListViewController.xib; sourceTree = "<group>"; };
		084F13F51D65F34000E907D6 /* IDBaseNavigationController.swift */ = {isa = PBXFileReference; fileEncoding = 4; lastKnownFileType = sourcecode.swift; path = IDBaseNavigationController.swift; sourceTree = "<group>"; };
		084F13FC1D65F3D200E907D6 /* IDBaseViewInput.swift */ = {isa = PBXFileReference; fileEncoding = 4; lastKnownFileType = sourcecode.swift; path = IDBaseViewInput.swift; sourceTree = "<group>"; };
		084F13FD1D65F3D200E907D6 /* IDBaseViewOutput.swift */ = {isa = PBXFileReference; fileEncoding = 4; lastKnownFileType = sourcecode.swift; path = IDBaseViewOutput.swift; sourceTree = "<group>"; };
		084F14001D65F40300E907D6 /* IDBaseModuleInput.swift */ = {isa = PBXFileReference; fileEncoding = 4; lastKnownFileType = sourcecode.swift; path = IDBaseModuleInput.swift; sourceTree = "<group>"; };
		084F14021D65F42F00E907D6 /* IDBaseInteractorInput.swift */ = {isa = PBXFileReference; fileEncoding = 4; lastKnownFileType = sourcecode.swift; path = IDBaseInteractorInput.swift; sourceTree = "<group>"; };
		084F14031D65F42F00E907D6 /* IDBaseInteractorOutput.swift */ = {isa = PBXFileReference; fileEncoding = 4; lastKnownFileType = sourcecode.swift; path = IDBaseInteractorOutput.swift; sourceTree = "<group>"; };
		084F14061D65F45900E907D6 /* IDBaseRouterInput.swift */ = {isa = PBXFileReference; fileEncoding = 4; lastKnownFileType = sourcecode.swift; path = IDBaseRouterInput.swift; sourceTree = "<group>"; };
		085551451D756C5C00029EED /* IDDictionariesListDataDisplayManagerDelegate.swift */ = {isa = PBXFileReference; fileEncoding = 4; lastKnownFileType = sourcecode.swift; path = IDDictionariesListDataDisplayManagerDelegate.swift; sourceTree = "<group>"; };
		0855514B1D7575F400029EED /* IDAddFlashcardFooterView.swift */ = {isa = PBXFileReference; fileEncoding = 4; lastKnownFileType = sourcecode.swift; path = IDAddFlashcardFooterView.swift; sourceTree = "<group>"; };
		0855514D1D75761900029EED /* IDAddFlashcardFooterView.xib */ = {isa = PBXFileReference; fileEncoding = 4; lastKnownFileType = file.xib; path = IDAddFlashcardFooterView.xib; sourceTree = "<group>"; };
		0863779B1D77620E00ABB41B /* IDAddFlashcardDataDisplayManager.swift */ = {isa = PBXFileReference; fileEncoding = 4; lastKnownFileType = sourcecode.swift; path = IDAddFlashcardDataDisplayManager.swift; sourceTree = "<group>"; };
		086377A21D7763C000ABB41B /* IDAddFlashcardSelectImageCell.swift */ = {isa = PBXFileReference; fileEncoding = 4; lastKnownFileType = sourcecode.swift; path = IDAddFlashcardSelectImageCell.swift; sourceTree = "<group>"; };
		086377A41D77649A00ABB41B /* IDAddFlashcardCell.swift */ = {isa = PBXFileReference; fileEncoding = 4; lastKnownFileType = sourcecode.swift; lineEnding = 0; path = IDAddFlashcardCell.swift; sourceTree = "<group>"; xcLanguageSpecificationIdentifier = xcode.lang.swift; };
		086377AE1D776A1000ABB41B /* IDAddFlashcardSelectImageCell.xib */ = {isa = PBXFileReference; fileEncoding = 4; lastKnownFileType = file.xib; path = IDAddFlashcardSelectImageCell.xib; sourceTree = "<group>"; };
		086377B21D776B3500ABB41B /* IDAddFlashcardCellObjectBuilderFactory.swift */ = {isa = PBXFileReference; fileEncoding = 4; lastKnownFileType = sourcecode.swift; lineEnding = 0; path = IDAddFlashcardCellObjectBuilderFactory.swift; sourceTree = "<group>"; xcLanguageSpecificationIdentifier = xcode.lang.swift; };
		086377B51D77704D00ABB41B /* IDAddFlashcardDataHolder.swift */ = {isa = PBXFileReference; fileEncoding = 4; lastKnownFileType = sourcecode.swift; path = IDAddFlashcardDataHolder.swift; sourceTree = "<group>"; };
		086377B71D77708800ABB41B /* IDAddFlashcardCellObjectBuilder.swift */ = {isa = PBXFileReference; fileEncoding = 4; lastKnownFileType = sourcecode.swift; lineEnding = 0; path = IDAddFlashcardCellObjectBuilder.swift; sourceTree = "<group>"; xcLanguageSpecificationIdentifier = xcode.lang.swift; };
		086377B91D77715C00ABB41B /* IDAddFlashcardImageDataHolder.swift */ = {isa = PBXFileReference; fileEncoding = 4; lastKnownFileType = sourcecode.swift; path = IDAddFlashcardImageDataHolder.swift; sourceTree = "<group>"; };
		086377BB1D7773F600ABB41B /* IDAddFlashcardSelectImageCellObjectBuilder.swift */ = {isa = PBXFileReference; fileEncoding = 4; lastKnownFileType = sourcecode.swift; path = IDAddFlashcardSelectImageCellObjectBuilder.swift; sourceTree = "<group>"; };
		086377BD1D77790C00ABB41B /* IDAddFlashcardDataDisplayManagerDelegate.swift */ = {isa = PBXFileReference; fileEncoding = 4; lastKnownFileType = sourcecode.swift; path = IDAddFlashcardDataDisplayManagerDelegate.swift; sourceTree = "<group>"; };
		0863B6B11D7376EA009EB5B6 /* IDBaseRouter.swift */ = {isa = PBXFileReference; fileEncoding = 4; lastKnownFileType = sourcecode.swift; path = IDBaseRouter.swift; sourceTree = "<group>"; };
		0863CC1F69CEAFCD15C3449C /* IDAddWordRouterTests.swift */ = {isa = PBXFileReference; includeInIndex = 1; lastKnownFileType = sourcecode.swift; path = IDAddWordRouterTests.swift; sourceTree = "<group>"; };
		086E79281D6B3C3000EB081F /* UINavigationItem+Buttons.swift */ = {isa = PBXFileReference; fileEncoding = 4; lastKnownFileType = sourcecode.swift; path = "UINavigationItem+Buttons.swift"; sourceTree = "<group>"; };
		08A1ADDD1D7B69B1006A39DA /* IDBaseService.swift */ = {isa = PBXFileReference; fileEncoding = 4; lastKnownFileType = sourcecode.swift; path = IDBaseService.swift; sourceTree = "<group>"; };
		08A1ADDE1D7B69B1006A39DA /* IDDictionaryService.swift */ = {isa = PBXFileReference; fileEncoding = 4; lastKnownFileType = sourcecode.swift; path = IDDictionaryService.swift; sourceTree = "<group>"; };
		08A1ADE11D7B69B1006A39DA /* IDFlashcard.swift */ = {isa = PBXFileReference; fileEncoding = 4; lastKnownFileType = sourcecode.swift; path = IDFlashcard.swift; sourceTree = "<group>"; };
		08A1ADE41D7B69B1006A39DA /* IDDictionary.swift */ = {isa = PBXFileReference; fileEncoding = 4; lastKnownFileType = sourcecode.swift; path = IDDictionary.swift; sourceTree = "<group>"; };
		08A1ADE51D7B69B1006A39DA /* IDDictionarySource.swift */ = {isa = PBXFileReference; fileEncoding = 4; lastKnownFileType = sourcecode.swift; path = IDDictionarySource.swift; sourceTree = "<group>"; };
		08A1ADE81D7B69B1006A39DA /* IDLocalDataBaseSource.swift */ = {isa = PBXFileReference; fileEncoding = 4; lastKnownFileType = sourcecode.swift; path = IDLocalDataBaseSource.swift; sourceTree = "<group>"; };
		08A1ADEA1D7B69B1006A39DA /* IDLDBDictionary.swift */ = {isa = PBXFileReference; fileEncoding = 4; lastKnownFileType = sourcecode.swift; path = IDLDBDictionary.swift; sourceTree = "<group>"; };
		08A1ADEB1D7B69B1006A39DA /* IDLDBFlashcard.swift */ = {isa = PBXFileReference; fileEncoding = 4; lastKnownFileType = sourcecode.swift; path = IDLDBFlashcard.swift; sourceTree = "<group>"; };
		08A1ADFA1D7B69E9006A39DA /* IDImageManager.swift */ = {isa = PBXFileReference; fileEncoding = 4; lastKnownFileType = sourcecode.swift; path = IDImageManager.swift; sourceTree = "<group>"; };
		08B4AB111D6E258100E5CE88 /* IDDictionaryDetailViewController.xib */ = {isa = PBXFileReference; fileEncoding = 4; lastKnownFileType = file.xib; path = IDDictionaryDetailViewController.xib; sourceTree = "<group>"; };
		08DE58E31D66441D00C255E6 /* en */ = {isa = PBXFileReference; lastKnownFileType = text.plist.strings; name = en; path = en.lproj/Localizable.strings; sourceTree = "<group>"; };
		08DE58E91D6646C600C255E6 /* String+Localized.swift */ = {isa = PBXFileReference; fileEncoding = 4; lastKnownFileType = sourcecode.swift; path = "String+Localized.swift"; sourceTree = "<group>"; };
		10C37CBF32F81E75A35E832F /* IDDictionariesListConfiguratorTests.swift */ = {isa = PBXFileReference; includeInIndex = 1; lastKnownFileType = sourcecode.swift; path = IDDictionariesListConfiguratorTests.swift; sourceTree = "<group>"; };
		11FE6CCFC6AB109FF32D0A29 /* IDAddWordViewTests.swift */ = {isa = PBXFileReference; includeInIndex = 1; lastKnownFileType = sourcecode.swift; path = IDAddWordViewTests.swift; sourceTree = "<group>"; };
		128950BED6A34BB5B29054E8 /* IDDictionaryDetailModuleInput.swift */ = {isa = PBXFileReference; includeInIndex = 1; lastKnownFileType = sourcecode.swift; path = IDDictionaryDetailModuleInput.swift; sourceTree = "<group>"; };
		1384E33B8960348149E6B8CF /* IDDictionaryDetailInteractorInput.swift */ = {isa = PBXFileReference; includeInIndex = 1; lastKnownFileType = sourcecode.swift; path = IDDictionaryDetailInteractorInput.swift; sourceTree = "<group>"; };
		1929641FC0E7D6686E0104DC /* IDDictionariesListInteractorTests.swift */ = {isa = PBXFileReference; includeInIndex = 1; lastKnownFileType = sourcecode.swift; path = IDDictionariesListInteractorTests.swift; sourceTree = "<group>"; };
		199DF158F1E8945C91C3AC89 /* IDDictionariesListViewInput.swift */ = {isa = PBXFileReference; includeInIndex = 1; lastKnownFileType = sourcecode.swift; path = IDDictionariesListViewInput.swift; sourceTree = "<group>"; };
		1A7CC6AEE3CFA1C0A0EDB2B9 /* IDDictionaryDetailConfigurator.swift */ = {isa = PBXFileReference; includeInIndex = 1; lastKnownFileType = sourcecode.swift; path = IDDictionaryDetailConfigurator.swift; sourceTree = "<group>"; };
		221AB61CF607BCFB0E18F755 /* IDDictionariesListInteractorInput.swift */ = {isa = PBXFileReference; includeInIndex = 1; lastKnownFileType = sourcecode.swift; path = IDDictionariesListInteractorInput.swift; sourceTree = "<group>"; };
		24C91E446F5CB3D7309D95A1 /* IDDictionariesListViewTests.swift */ = {isa = PBXFileReference; includeInIndex = 1; lastKnownFileType = sourcecode.swift; path = IDDictionariesListViewTests.swift; sourceTree = "<group>"; };
		26D32D046186A27D8455707F /* IDDictionaryDetailPresenterTests.swift */ = {isa = PBXFileReference; includeInIndex = 1; lastKnownFileType = sourcecode.swift; path = IDDictionaryDetailPresenterTests.swift; sourceTree = "<group>"; };
		2B8B5F066733A50FCA7EA8E3 /* IDAddWordPresenterTests.swift */ = {isa = PBXFileReference; includeInIndex = 1; lastKnownFileType = sourcecode.swift; path = IDAddWordPresenterTests.swift; sourceTree = "<group>"; };
		338308A98C1AF2B598855681 /* IDDictionaryDetailConfiguratorTests.swift */ = {isa = PBXFileReference; includeInIndex = 1; lastKnownFileType = sourcecode.swift; path = IDDictionaryDetailConfiguratorTests.swift; sourceTree = "<group>"; };
		363FAB7DC1C65C2AB853FC73 /* IDDictionaryDetailRouterInput.swift */ = {isa = PBXFileReference; includeInIndex = 1; lastKnownFileType = sourcecode.swift; path = IDDictionaryDetailRouterInput.swift; sourceTree = "<group>"; };
		424D2E3BC23D899A5B20A03C /* IDAddFlashcardViewController.swift */ = {isa = PBXFileReference; includeInIndex = 1; lastKnownFileType = sourcecode.swift; path = IDAddFlashcardViewController.swift; sourceTree = "<group>"; };
		42B0A531BD3644B8F9479B55 /* IDAddFlashcardPresenter.swift */ = {isa = PBXFileReference; includeInIndex = 1; lastKnownFileType = sourcecode.swift; path = IDAddFlashcardPresenter.swift; sourceTree = "<group>"; };
		521C9D52C1054A1C7DF5BF32 /* IDAddWordInteractorTests.swift */ = {isa = PBXFileReference; includeInIndex = 1; lastKnownFileType = sourcecode.swift; path = IDAddWordInteractorTests.swift; sourceTree = "<group>"; };
		5D53CD41234F11AE8C93E4B1 /* IDDictionaryDetailPresenter.swift */ = {isa = PBXFileReference; includeInIndex = 1; lastKnownFileType = sourcecode.swift; path = IDDictionaryDetailPresenter.swift; sourceTree = "<group>"; };
		6C20C58D76B100F636642462 /* IDAddFlashcardInteractor.swift */ = {isa = PBXFileReference; includeInIndex = 1; lastKnownFileType = sourcecode.swift; path = IDAddFlashcardInteractor.swift; sourceTree = "<group>"; };
		7121FA5BDB166E48857A7750 /* IDDictionariesListRouterTests.swift */ = {isa = PBXFileReference; includeInIndex = 1; lastKnownFileType = sourcecode.swift; path = IDDictionariesListRouterTests.swift; sourceTree = "<group>"; };
		750E971230A7C48DFF11B96F /* IDDictionariesListViewController.swift */ = {isa = PBXFileReference; includeInIndex = 1; lastKnownFileType = sourcecode.swift; path = IDDictionariesListViewController.swift; sourceTree = "<group>"; };
		757BCB33CEA9BCF21C5B896B /* IDDictionariesListViewOutput.swift */ = {isa = PBXFileReference; includeInIndex = 1; lastKnownFileType = sourcecode.swift; path = IDDictionariesListViewOutput.swift; sourceTree = "<group>"; };
		76AC0DC3213DC62033CDEB74 /* IDAddFlashcardViewOutput.swift */ = {isa = PBXFileReference; includeInIndex = 1; lastKnownFileType = sourcecode.swift; path = IDAddFlashcardViewOutput.swift; sourceTree = "<group>"; };
		7F1215E1957285839254C1F9 /* Pods-DigDic.debug.xcconfig */ = {isa = PBXFileReference; includeInIndex = 1; lastKnownFileType = text.xcconfig; name = "Pods-DigDic.debug.xcconfig"; path = "Pods/Target Support Files/Pods-DigDic/Pods-DigDic.debug.xcconfig"; sourceTree = "<group>"; };
		84B0124A007F52F193869808 /* IDAddFlashcardRouter.swift */ = {isa = PBXFileReference; includeInIndex = 1; lastKnownFileType = sourcecode.swift; path = IDAddFlashcardRouter.swift; sourceTree = "<group>"; };
		859C7FA5B9480CAC19A818B2 /* IDAddFlashcardInteractorOutput.swift */ = {isa = PBXFileReference; includeInIndex = 1; lastKnownFileType = sourcecode.swift; path = IDAddFlashcardInteractorOutput.swift; sourceTree = "<group>"; };
		8FB9CD1A8C5903781EA6CB13 /* IDDictionariesListConfigurator.swift */ = {isa = PBXFileReference; includeInIndex = 1; lastKnownFileType = sourcecode.swift; path = IDDictionariesListConfigurator.swift; sourceTree = "<group>"; };
		93D42D706F8FFD958BD3D024 /* Pods_DigDicTests.framework */ = {isa = PBXFileReference; explicitFileType = wrapper.framework; includeInIndex = 0; path = Pods_DigDicTests.framework; sourceTree = BUILT_PRODUCTS_DIR; };
		97456EA28E233A6361DD0FF8 /* IDDictionaryDetailRouter.swift */ = {isa = PBXFileReference; includeInIndex = 1; lastKnownFileType = sourcecode.swift; path = IDDictionaryDetailRouter.swift; sourceTree = "<group>"; };
		99D6C120220C4E931CD3DFBB /* IDDictionaryDetailViewController.swift */ = {isa = PBXFileReference; includeInIndex = 1; lastKnownFileType = sourcecode.swift; path = IDDictionaryDetailViewController.swift; sourceTree = "<group>"; };
		9B6622EDD0DADBEB127EDE7E /* IDDictionaryDetailViewInput.swift */ = {isa = PBXFileReference; includeInIndex = 1; lastKnownFileType = sourcecode.swift; path = IDDictionaryDetailViewInput.swift; sourceTree = "<group>"; };
		9DA6E14FE57FC81FD580202B /* IDAddFlashcardRouterInput.swift */ = {isa = PBXFileReference; includeInIndex = 1; lastKnownFileType = sourcecode.swift; path = IDAddFlashcardRouterInput.swift; sourceTree = "<group>"; };
		ABFCB653DBEFA22386B1E1BD /* IDDictionariesListRouterInput.swift */ = {isa = PBXFileReference; includeInIndex = 1; lastKnownFileType = sourcecode.swift; path = IDDictionariesListRouterInput.swift; sourceTree = "<group>"; };
		B7F0C50883B7A57AF9C571E6 /* IDDictionaryDetailInteractorTests.swift */ = {isa = PBXFileReference; includeInIndex = 1; lastKnownFileType = sourcecode.swift; path = IDDictionaryDetailInteractorTests.swift; sourceTree = "<group>"; };
		C84D2429BA61854DBF241AF6 /* Pods_DigDic.framework */ = {isa = PBXFileReference; explicitFileType = wrapper.framework; includeInIndex = 0; path = Pods_DigDic.framework; sourceTree = BUILT_PRODUCTS_DIR; };
		C93B9DCBAEE7E472BB651204 /* IDAddFlashcardConfigurator.swift */ = {isa = PBXFileReference; includeInIndex = 1; lastKnownFileType = sourcecode.swift; lineEnding = 0; path = IDAddFlashcardConfigurator.swift; sourceTree = "<group>"; xcLanguageSpecificationIdentifier = xcode.lang.swift; };
		CF3BF10209863A4F838B4745 /* Pods-DigDic.release.xcconfig */ = {isa = PBXFileReference; includeInIndex = 1; lastKnownFileType = text.xcconfig; name = "Pods-DigDic.release.xcconfig"; path = "Pods/Target Support Files/Pods-DigDic/Pods-DigDic.release.xcconfig"; sourceTree = "<group>"; };
		D36BFA38A97CF5BD7486E7C0 /* IDDictionaryDetailInteractor.swift */ = {isa = PBXFileReference; includeInIndex = 1; lastKnownFileType = sourcecode.swift; path = IDDictionaryDetailInteractor.swift; sourceTree = "<group>"; };
		D572770738EB155EA136FF42 /* IDDictionariesListModuleInput.swift */ = {isa = PBXFileReference; includeInIndex = 1; lastKnownFileType = sourcecode.swift; path = IDDictionariesListModuleInput.swift; sourceTree = "<group>"; };
		D930CB18255A1E66BC3C5E92 /* IDAddFlashcardViewInput.swift */ = {isa = PBXFileReference; includeInIndex = 1; lastKnownFileType = sourcecode.swift; path = IDAddFlashcardViewInput.swift; sourceTree = "<group>"; };
		E0191674B3B7921148B3326F /* Pods-DigDicTests.debug.xcconfig */ = {isa = PBXFileReference; includeInIndex = 1; lastKnownFileType = text.xcconfig; name = "Pods-DigDicTests.debug.xcconfig"; path = "Pods/Target Support Files/Pods-DigDicTests/Pods-DigDicTests.debug.xcconfig"; sourceTree = "<group>"; };
		E20E9B32E4B7C049F1A3898B /* IDDictionariesListPresenterTests.swift */ = {isa = PBXFileReference; includeInIndex = 1; lastKnownFileType = sourcecode.swift; path = IDDictionariesListPresenterTests.swift; sourceTree = "<group>"; };
		E4F0957A7DB4E45593F50BA3 /* IDDictionaryDetailInteractorOutput.swift */ = {isa = PBXFileReference; includeInIndex = 1; lastKnownFileType = sourcecode.swift; path = IDDictionaryDetailInteractorOutput.swift; sourceTree = "<group>"; };
		EC138363548D5A04894A8A0F /* IDDictionariesListRouter.swift */ = {isa = PBXFileReference; includeInIndex = 1; lastKnownFileType = sourcecode.swift; path = IDDictionariesListRouter.swift; sourceTree = "<group>"; };
		EE2D0E5787AA2885826E6088 /* IDDictionariesListInteractor.swift */ = {isa = PBXFileReference; includeInIndex = 1; lastKnownFileType = sourcecode.swift; path = IDDictionariesListInteractor.swift; sourceTree = "<group>"; };
		F2CA6485CAAB2D84114C8CA6 /* IDDictionariesListInteractorOutput.swift */ = {isa = PBXFileReference; includeInIndex = 1; lastKnownFileType = sourcecode.swift; path = IDDictionariesListInteractorOutput.swift; sourceTree = "<group>"; };
		F306CBEFF8935698AA966551 /* IDAddFlashcardModuleInput.swift */ = {isa = PBXFileReference; includeInIndex = 1; lastKnownFileType = sourcecode.swift; path = IDAddFlashcardModuleInput.swift; sourceTree = "<group>"; };
		F481A7EA718C47A91875DCDB /* IDDictionaryDetailRouterTests.swift */ = {isa = PBXFileReference; includeInIndex = 1; lastKnownFileType = sourcecode.swift; path = IDDictionaryDetailRouterTests.swift; sourceTree = "<group>"; };
		FC2EBBA565199DDAA1BF7C1F /* IDDictionaryDetailViewTests.swift */ = {isa = PBXFileReference; includeInIndex = 1; lastKnownFileType = sourcecode.swift; path = IDDictionaryDetailViewTests.swift; sourceTree = "<group>"; };
		FDF9A50FE21D5223E57A5726 /* IDDictionaryDetailViewOutput.swift */ = {isa = PBXFileReference; includeInIndex = 1; lastKnownFileType = sourcecode.swift; path = IDDictionaryDetailViewOutput.swift; sourceTree = "<group>"; };
		FEEEC60D7456ED1F80954ACA /* IDAddFlashcardInteractorInput.swift */ = {isa = PBXFileReference; includeInIndex = 1; lastKnownFileType = sourcecode.swift; path = IDAddFlashcardInteractorInput.swift; sourceTree = "<group>"; };
/* End PBXFileReference section */

/* Begin PBXFrameworksBuildPhase section */
		084F13BF1D65E6A700E907D6 /* Frameworks */ = {
			isa = PBXFrameworksBuildPhase;
			buildActionMask = 2147483647;
			files = (
				18E08ABF241AF5B7F6F08D5F /* Pods_DigDic.framework in Frameworks */,
			);
			runOnlyForDeploymentPostprocessing = 0;
		};
		084F13D31D65E6A700E907D6 /* Frameworks */ = {
			isa = PBXFrameworksBuildPhase;
			buildActionMask = 2147483647;
			files = (
				BA9385C1959706CC18273082 /* Pods_DigDicTests.framework in Frameworks */,
			);
			runOnlyForDeploymentPostprocessing = 0;
		};
/* End PBXFrameworksBuildPhase section */

/* Begin PBXGroup section */
		0333483AE6A8260361EC6A5D /* View */ = {
			isa = PBXGroup;
			children = (
				FC2EBBA565199DDAA1BF7C1F /* IDDictionaryDetailViewTests.swift */,
			);
			path = View;
			sourceTree = "<group>";
		};
		04AC050F7D5A2B45E08FE10E /* Interactor */ = {
			isa = PBXGroup;
			children = (
				521C9D52C1054A1C7DF5BF32 /* IDAddWordInteractorTests.swift */,
			);
			path = Interactor;
			sourceTree = "<group>";
		};
		081CCDC51D7C6587005B7035 /* FlashcardView */ = {
			isa = PBXGroup;
			children = (
				081CCDC61D7C65A4005B7035 /* IDDictionaryDetailFlashcardSubView.swift */,
				08023FBA1D7E105100FB5D47 /* IDDictionaryDetailFlashcardView.swift */,
			);
			path = FlashcardView;
			sourceTree = "<group>";
		};
		081CCDC81D7CAB32005B7035 /* DataDisplayManager */ = {
			isa = PBXGroup;
			children = (
				081CCDC91D7CAB50005B7035 /* IDDictionaryDetailDataDisplayManager.swift */,
			);
			path = DataDisplayManager;
			sourceTree = "<group>";
		};
		081CCDCB1D7CAC93005B7035 /* CellObjectBuilder */ = {
			isa = PBXGroup;
			children = (
				081CCDCE1D7CACE0005B7035 /* ConcreteCellObjectBuilders */,
				081CCDCC1D7CACAF005B7035 /* IDDictionaryDetailCellObjectBuilderFactory.swift */,
			);
			path = CellObjectBuilder;
			sourceTree = "<group>";
		};
		081CCDCE1D7CACE0005B7035 /* ConcreteCellObjectBuilders */ = {
			isa = PBXGroup;
			children = (
				081CCDCF1D7CACF8005B7035 /* IDDictionaryDetailCellObjectBuilder.swift */,
				081CCDD11D7CAD2C005B7035 /* IDDictionaryDetailImageCellObjectBuilder.swift */,
			);
			path = ConcreteCellObjectBuilders;
			sourceTree = "<group>";
		};
		081CCDD31D7CAD51005B7035 /* Cells */ = {
			isa = PBXGroup;
			children = (
				081CCDD61D7CAD77005B7035 /* ImageCell */,
				081CCDD41D7CAD66005B7035 /* IDDictionaryDetailCell.swift */,
			);
			path = Cells;
			sourceTree = "<group>";
		};
		081CCDD61D7CAD77005B7035 /* ImageCell */ = {
			isa = PBXGroup;
			children = (
				081CCDD71D7CAD8A005B7035 /* IDDictionaryDetailImageCell.swift */,
				081CCDDD1D7CB4F9005B7035 /* IDDictionaryDetailImageCell.xib */,
			);
			path = ImageCell;
			sourceTree = "<group>";
		};
		08341B391D66E81E0020F0D8 /* NavigationController */ = {
			isa = PBXGroup;
			children = (
				086E79281D6B3C3000EB081F /* UINavigationItem+Buttons.swift */,
			);
			path = NavigationController;
			sourceTree = "<group>";
		};
		083935211D744C8500F71B29 /* DataDisplayManager */ = {
			isa = PBXGroup;
			children = (
				083935221D744C9B00F71B29 /* IDDictionariesListDataDisplayManager.swift */,
				085551451D756C5C00029EED /* IDDictionariesListDataDisplayManagerDelegate.swift */,
			);
			path = DataDisplayManager;
			sourceTree = "<group>";
		};
		084F13B91D65E6A700E907D6 = {
			isa = PBXGroup;
			children = (
				084F13C41D65E6A700E907D6 /* DigDic */,
				084F13D91D65E6A700E907D6 /* DigDicTests */,
				084F13C31D65E6A700E907D6 /* Products */,
				EC6E04ACBAE364A87BD5F402 /* Pods */,
				D09DC5A91EDE253D2AA91A8F /* Frameworks */,
			);
			sourceTree = "<group>";
		};
		084F13C31D65E6A700E907D6 /* Products */ = {
			isa = PBXGroup;
			children = (
				084F13C21D65E6A700E907D6 /* DigDic.app */,
				084F13D61D65E6A700E907D6 /* DigDicTests.xctest */,
			);
			name = Products;
			sourceTree = "<group>";
		};
		084F13C41D65E6A700E907D6 /* DigDic */ = {
			isa = PBXGroup;
			children = (
				08E7FD4B1D6CD648006BD301 /* Services */,
				08AAD4911D6B820F0072ED1D /* Managers */,
				08DE58E71D66453E00C255E6 /* Extensions */,
				084F13C51D65E6A700E907D6 /* AppDelegate.swift */,
				084F13EF1D65ED8500E907D6 /* Controllers */,
				C490E55ECD9AF6AC9C99A137 /* Modules */,
				084F13EA1D65EAC500E907D6 /* Supporting Files */,
				084F13E71D65EA7B00E907D6 /* Resources */,
			);
			path = DigDic;
			sourceTree = "<group>";
		};
		084F13D91D65E6A700E907D6 /* DigDicTests */ = {
			isa = PBXGroup;
			children = (
				084F13DA1D65E6A700E907D6 /* DigDicTests.swift */,
				084F13DC1D65E6A700E907D6 /* Info.plist */,
				558B07262A9B07B8BFFD7DC9 /* Modules */,
			);
			path = DigDicTests;
			sourceTree = "<group>";
		};
		084F13E71D65EA7B00E907D6 /* Resources */ = {
			isa = PBXGroup;
			children = (
				084F13E81D65EA7B00E907D6 /* Assets.xcassets */,
			);
			path = Resources;
			sourceTree = "<group>";
		};
		084F13EA1D65EAC500E907D6 /* Supporting Files */ = {
			isa = PBXGroup;
			children = (
				084F13EB1D65EAC500E907D6 /* Info.plist */,
				08DE58E41D66441D00C255E6 /* Localizable.strings */,
			);
			path = "Supporting Files";
			sourceTree = "<group>";
		};
		084F13EF1D65ED8500E907D6 /* Controllers */ = {
			isa = PBXGroup;
			children = (
				084F13F31D65F34000E907D6 /* BaseProtocols */,
				084F13F41D65F34000E907D6 /* BaseClasses */,
			);
			path = Controllers;
			sourceTree = "<group>";
		};
		084F13F31D65F34000E907D6 /* BaseProtocols */ = {
			isa = PBXGroup;
			children = (
				084F13F81D65F3B200E907D6 /* Router */,
				084F13F91D65F3B200E907D6 /* Interactor */,
				084F13FA1D65F3B200E907D6 /* Presenter */,
				084F13FB1D65F3B200E907D6 /* View */,
			);
			path = BaseProtocols;
			sourceTree = "<group>";
		};
		084F13F41D65F34000E907D6 /* BaseClasses */ = {
			isa = PBXGroup;
			children = (
				084F13F51D65F34000E907D6 /* IDBaseNavigationController.swift */,
				081E90A01D70E137007FA7A1 /* IDBaseViewController.swift */,
				0863B6B11D7376EA009EB5B6 /* IDBaseRouter.swift */,
			);
			path = BaseClasses;
			sourceTree = "<group>";
		};
		084F13F81D65F3B200E907D6 /* Router */ = {
			isa = PBXGroup;
			children = (
				084F14061D65F45900E907D6 /* IDBaseRouterInput.swift */,
			);
			path = Router;
			sourceTree = "<group>";
		};
		084F13F91D65F3B200E907D6 /* Interactor */ = {
			isa = PBXGroup;
			children = (
				084F14021D65F42F00E907D6 /* IDBaseInteractorInput.swift */,
				084F14031D65F42F00E907D6 /* IDBaseInteractorOutput.swift */,
			);
			path = Interactor;
			sourceTree = "<group>";
		};
		084F13FA1D65F3B200E907D6 /* Presenter */ = {
			isa = PBXGroup;
			children = (
				084F14001D65F40300E907D6 /* IDBaseModuleInput.swift */,
			);
			path = Presenter;
			sourceTree = "<group>";
		};
		084F13FB1D65F3B200E907D6 /* View */ = {
			isa = PBXGroup;
			children = (
				084F13FC1D65F3D200E907D6 /* IDBaseViewInput.swift */,
				084F13FD1D65F3D200E907D6 /* IDBaseViewOutput.swift */,
			);
			path = View;
			sourceTree = "<group>";
		};
		0855514A1D7575DE00029EED /* Footer */ = {
			isa = PBXGroup;
			children = (
				0855514B1D7575F400029EED /* IDAddFlashcardFooterView.swift */,
				0855514D1D75761900029EED /* IDAddFlashcardFooterView.xib */,
				081CC38C1D761C62001E3293 /* IDAddFlashcardFooterViewDelegate.swift */,
			);
			path = Footer;
			sourceTree = "<group>";
		};
		0863779A1D7761F900ABB41B /* DataDisplayManager */ = {
			isa = PBXGroup;
			children = (
				0863779B1D77620E00ABB41B /* IDAddFlashcardDataDisplayManager.swift */,
				086377BD1D77790C00ABB41B /* IDAddFlashcardDataDisplayManagerDelegate.swift */,
			);
			path = DataDisplayManager;
			sourceTree = "<group>";
		};
		0863779D1D77626D00ABB41B /* Cells */ = {
			isa = PBXGroup;
			children = (
				086377A11D7763B000ABB41B /* SelectImageCell */,
				086377A41D77649A00ABB41B /* IDAddFlashcardCell.swift */,
			);
			path = Cells;
			sourceTree = "<group>";
		};
		086377A11D7763B000ABB41B /* SelectImageCell */ = {
			isa = PBXGroup;
			children = (
				086377A21D7763C000ABB41B /* IDAddFlashcardSelectImageCell.swift */,
				086377AE1D776A1000ABB41B /* IDAddFlashcardSelectImageCell.xib */,
			);
			path = SelectImageCell;
			sourceTree = "<group>";
		};
		086377B01D776B1800ABB41B /* CellObjectBuilder */ = {
			isa = PBXGroup;
			children = (
				086377B11D776B1800ABB41B /* ConcreteCellObjectBuilders */,
				086377B21D776B3500ABB41B /* IDAddFlashcardCellObjectBuilderFactory.swift */,
			);
			path = CellObjectBuilder;
			sourceTree = "<group>";
		};
		086377B11D776B1800ABB41B /* ConcreteCellObjectBuilders */ = {
			isa = PBXGroup;
			children = (
				086377B71D77708800ABB41B /* IDAddFlashcardCellObjectBuilder.swift */,
				086377BB1D7773F600ABB41B /* IDAddFlashcardSelectImageCellObjectBuilder.swift */,
			);
			path = ConcreteCellObjectBuilders;
			sourceTree = "<group>";
		};
		086377B41D77703800ABB41B /* DataHolders */ = {
			isa = PBXGroup;
			children = (
				086377B51D77704D00ABB41B /* IDAddFlashcardDataHolder.swift */,
				086377B91D77715C00ABB41B /* IDAddFlashcardImageDataHolder.swift */,
			);
			path = DataHolders;
			sourceTree = "<group>";
		};
		08A1ADDB1D7B69B1006A39DA /* DictionaryService */ = {
			isa = PBXGroup;
			children = (
				08A1ADDC1D7B69B1006A39DA /* Base */,
				08A1ADDE1D7B69B1006A39DA /* IDDictionaryService.swift */,
				08A1ADDF1D7B69B1006A39DA /* Protocols */,
				08A1ADE61D7B69B1006A39DA /* Sources */,
			);
			path = DictionaryService;
			sourceTree = "<group>";
		};
		08A1ADDC1D7B69B1006A39DA /* Base */ = {
			isa = PBXGroup;
			children = (
				08A1ADDD1D7B69B1006A39DA /* IDBaseService.swift */,
			);
			path = Base;
			sourceTree = "<group>";
		};
		08A1ADDF1D7B69B1006A39DA /* Protocols */ = {
			isa = PBXGroup;
			children = (
				08A1ADE01D7B69B1006A39DA /* Flashcard */,
				08A1ADE41D7B69B1006A39DA /* IDDictionary.swift */,
				08A1ADE51D7B69B1006A39DA /* IDDictionarySource.swift */,
			);
			path = Protocols;
			sourceTree = "<group>";
		};
		08A1ADE01D7B69B1006A39DA /* Flashcard */ = {
			isa = PBXGroup;
			children = (
				08A1ADE11D7B69B1006A39DA /* IDFlashcard.swift */,
				081CCDD91D7CB1B9005B7035 /* IDFlashcardData.swift */,
			);
			path = Flashcard;
			sourceTree = "<group>";
		};
		08A1ADE61D7B69B1006A39DA /* Sources */ = {
			isa = PBXGroup;
			children = (
				08A1ADE71D7B69B1006A39DA /* LocalDataBase */,
			);
			path = Sources;
			sourceTree = "<group>";
		};
		08A1ADE71D7B69B1006A39DA /* LocalDataBase */ = {
			isa = PBXGroup;
			children = (
				08A1ADE81D7B69B1006A39DA /* IDLocalDataBaseSource.swift */,
				08A1ADE91D7B69B1006A39DA /* Models */,
			);
			path = LocalDataBase;
			sourceTree = "<group>";
		};
		08A1ADE91D7B69B1006A39DA /* Models */ = {
			isa = PBXGroup;
			children = (
				08A1ADEA1D7B69B1006A39DA /* IDLDBDictionary.swift */,
				08A1ADEB1D7B69B1006A39DA /* IDLDBFlashcard.swift */,
				081CCDDB1D7CB2B1005B7035 /* IDLDBFlashcardData.swift */,
			);
			path = Models;
			sourceTree = "<group>";
		};
		08AAD4911D6B820F0072ED1D /* Managers */ = {
			isa = PBXGroup;
			children = (
				08A1ADFA1D7B69E9006A39DA /* IDImageManager.swift */,
			);
			path = Managers;
			sourceTree = "<group>";
		};
		08DE58E71D66453E00C255E6 /* Extensions */ = {
			isa = PBXGroup;
			children = (
				08341B391D66E81E0020F0D8 /* NavigationController */,
				08DE58E81D66454E00C255E6 /* String */,
			);
			path = Extensions;
			sourceTree = "<group>";
		};
		08DE58E81D66454E00C255E6 /* String */ = {
			isa = PBXGroup;
			children = (
				08DE58E91D6646C600C255E6 /* String+Localized.swift */,
			);
			path = String;
			sourceTree = "<group>";
		};
		08E7FD4B1D6CD648006BD301 /* Services */ = {
			isa = PBXGroup;
			children = (
				08A1ADDB1D7B69B1006A39DA /* DictionaryService */,
			);
			path = Services;
			sourceTree = "<group>";
		};
		0D0DA3EC2B429589555B0BFB /* View */ = {
			isa = PBXGroup;
			children = (
				11FE6CCFC6AB109FF32D0A29 /* IDAddWordViewTests.swift */,
			);
			path = View;
			sourceTree = "<group>";
		};
		2391BFBDED772374C72EBFB5 /* DictionaryDetail */ = {
			isa = PBXGroup;
			children = (
				4BD300077AB316A03B4D293B /* Configurator */,
				0333483AE6A8260361EC6A5D /* View */,
				41B9535AA3995D768D8E75FA /* Interactor */,
				32848B1AF942C39B8F048BE1 /* Presenter */,
				56ACD9D06E93E86597DEBCE4 /* Router */,
			);
			path = DictionaryDetail;
			sourceTree = "<group>";
		};
		24752D62E93837E1F55B6175 /* Presenter */ = {
			isa = PBXGroup;
			children = (
				F306CBEFF8935698AA966551 /* IDAddFlashcardModuleInput.swift */,
				42B0A531BD3644B8F9479B55 /* IDAddFlashcardPresenter.swift */,
			);
			path = Presenter;
			sourceTree = "<group>";
		};
		2EB0ACBEAB504AAE0C91004C /* Configurator */ = {
			isa = PBXGroup;
			children = (
				07BB6B2B98CAA5FB90C8A364 /* IDAddWordConfiguratorTests.swift */,
			);
			path = Configurator;
			sourceTree = "<group>";
		};
		32848B1AF942C39B8F048BE1 /* Presenter */ = {
			isa = PBXGroup;
			children = (
				26D32D046186A27D8455707F /* IDDictionaryDetailPresenterTests.swift */,
			);
			path = Presenter;
			sourceTree = "<group>";
		};
		41B9535AA3995D768D8E75FA /* Interactor */ = {
			isa = PBXGroup;
			children = (
				B7F0C50883B7A57AF9C571E6 /* IDDictionaryDetailInteractorTests.swift */,
			);
			path = Interactor;
			sourceTree = "<group>";
		};
		48BCA485FD4F4C37433A5C95 /* AddWord */ = {
			isa = PBXGroup;
			children = (
				2EB0ACBEAB504AAE0C91004C /* Configurator */,
				0D0DA3EC2B429589555B0BFB /* View */,
				04AC050F7D5A2B45E08FE10E /* Interactor */,
				6BF4E62C86A6D8B4551E7A60 /* Presenter */,
				8579E2690621294BFB532139 /* Router */,
			);
			path = AddWord;
			sourceTree = "<group>";
		};
		4BD300077AB316A03B4D293B /* Configurator */ = {
			isa = PBXGroup;
			children = (
				338308A98C1AF2B598855681 /* IDDictionaryDetailConfiguratorTests.swift */,
			);
			path = Configurator;
			sourceTree = "<group>";
		};
		4EDD2E444F8DE8B5645CC84F /* Configurator */ = {
			isa = PBXGroup;
			children = (
				C93B9DCBAEE7E472BB651204 /* IDAddFlashcardConfigurator.swift */,
			);
			path = Configurator;
			sourceTree = "<group>";
		};
		558B07262A9B07B8BFFD7DC9 /* Modules */ = {
			isa = PBXGroup;
			children = (
				98263E1E401A45A9F19B332A /* DictionariesList */,
				2391BFBDED772374C72EBFB5 /* DictionaryDetail */,
				48BCA485FD4F4C37433A5C95 /* AddWord */,
			);
			path = Modules;
			sourceTree = "<group>";
		};
		56ACD9D06E93E86597DEBCE4 /* Router */ = {
			isa = PBXGroup;
			children = (
				F481A7EA718C47A91875DCDB /* IDDictionaryDetailRouterTests.swift */,
			);
			path = Router;
			sourceTree = "<group>";
		};
		5C352792D1735FDF224F5550 /* View */ = {
			isa = PBXGroup;
			children = (
				086377B41D77703800ABB41B /* DataHolders */,
				086377B01D776B1800ABB41B /* CellObjectBuilder */,
				0863779D1D77626D00ABB41B /* Cells */,
				0863779A1D7761F900ABB41B /* DataDisplayManager */,
				0855514A1D7575DE00029EED /* Footer */,
				D930CB18255A1E66BC3C5E92 /* IDAddFlashcardViewInput.swift */,
				76AC0DC3213DC62033CDEB74 /* IDAddFlashcardViewOutput.swift */,
				424D2E3BC23D899A5B20A03C /* IDAddFlashcardViewController.swift */,
				081E90991D70D490007FA7A1 /* IDAddFlashcardViewController.xib */,
				081CC38A1D761572001E3293 /* IDAddFlashcardFormView.swift */,
			);
			path = View;
			sourceTree = "<group>";
		};
		604A948DF1569374A9FECED0 /* Presenter */ = {
			isa = PBXGroup;
			children = (
				D572770738EB155EA136FF42 /* IDDictionariesListModuleInput.swift */,
				084506986546352BFDC79839 /* IDDictionariesListPresenter.swift */,
			);
			path = Presenter;
			sourceTree = "<group>";
		};
		6BF4E62C86A6D8B4551E7A60 /* Presenter */ = {
			isa = PBXGroup;
			children = (
				2B8B5F066733A50FCA7EA8E3 /* IDAddWordPresenterTests.swift */,
			);
			path = Presenter;
			sourceTree = "<group>";
		};
		70BEFA2637B108A092F87F5E /* Presenter */ = {
			isa = PBXGroup;
			children = (
				E20E9B32E4B7C049F1A3898B /* IDDictionariesListPresenterTests.swift */,
			);
			path = Presenter;
			sourceTree = "<group>";
		};
		8515686450FE149E6EC7551B /* AddFlashcard */ = {
			isa = PBXGroup;
			children = (
				5C352792D1735FDF224F5550 /* View */,
				24752D62E93837E1F55B6175 /* Presenter */,
				A8DB1DB904AE5D8D207E3495 /* Interactor */,
				FB56DE74303755C05C3F1C59 /* Router */,
				4EDD2E444F8DE8B5645CC84F /* Configurator */,
			);
			name = AddFlashcard;
			path = AddWord;
			sourceTree = "<group>";
		};
		8579E2690621294BFB532139 /* Router */ = {
			isa = PBXGroup;
			children = (
				0863CC1F69CEAFCD15C3449C /* IDAddWordRouterTests.swift */,
			);
			path = Router;
			sourceTree = "<group>";
		};
		8A86AF04ABBE5D90A3CDA6E0 /* Configurator */ = {
			isa = PBXGroup;
			children = (
				8FB9CD1A8C5903781EA6CB13 /* IDDictionariesListConfigurator.swift */,
			);
			path = Configurator;
			sourceTree = "<group>";
		};
		9504F829166D18F5866A2EBA /* View */ = {
			isa = PBXGroup;
			children = (
				081CCDD31D7CAD51005B7035 /* Cells */,
				081CCDCB1D7CAC93005B7035 /* CellObjectBuilder */,
				081CCDC81D7CAB32005B7035 /* DataDisplayManager */,
				081CCDC51D7C6587005B7035 /* FlashcardView */,
				9B6622EDD0DADBEB127EDE7E /* IDDictionaryDetailViewInput.swift */,
				FDF9A50FE21D5223E57A5726 /* IDDictionaryDetailViewOutput.swift */,
				99D6C120220C4E931CD3DFBB /* IDDictionaryDetailViewController.swift */,
				08B4AB111D6E258100E5CE88 /* IDDictionaryDetailViewController.xib */,
			);
			path = View;
			sourceTree = "<group>";
		};
		959AC816ECF0ED11F7B2ECBC /* Interactor */ = {
			isa = PBXGroup;
			children = (
				221AB61CF607BCFB0E18F755 /* IDDictionariesListInteractorInput.swift */,
				F2CA6485CAAB2D84114C8CA6 /* IDDictionariesListInteractorOutput.swift */,
				EE2D0E5787AA2885826E6088 /* IDDictionariesListInteractor.swift */,
			);
			path = Interactor;
			sourceTree = "<group>";
		};
		95D2C8CD2CD5B0EA3D445EFE /* Router */ = {
			isa = PBXGroup;
			children = (
				363FAB7DC1C65C2AB853FC73 /* IDDictionaryDetailRouterInput.swift */,
				97456EA28E233A6361DD0FF8 /* IDDictionaryDetailRouter.swift */,
			);
			path = Router;
			sourceTree = "<group>";
		};
		98263E1E401A45A9F19B332A /* DictionariesList */ = {
			isa = PBXGroup;
			children = (
				ADD420B31037372373D732A3 /* Configurator */,
				D3A2684B1039BB16EAD1569B /* View */,
				EB2BE3D4C49022A56C220134 /* Interactor */,
				70BEFA2637B108A092F87F5E /* Presenter */,
				B47B2527E9A4FE1E3C48E820 /* Router */,
			);
			path = DictionariesList;
			sourceTree = "<group>";
		};
		99F18022E078F68A4F8EB07D /* View */ = {
			isa = PBXGroup;
			children = (
				083935211D744C8500F71B29 /* DataDisplayManager */,
				199DF158F1E8945C91C3AC89 /* IDDictionariesListViewInput.swift */,
				757BCB33CEA9BCF21C5B896B /* IDDictionariesListViewOutput.swift */,
				750E971230A7C48DFF11B96F /* IDDictionariesListViewController.swift */,
				084F13ED1D65ED5E00E907D6 /* IDDictionariesListViewController.xib */,
			);
			path = View;
			sourceTree = "<group>";
		};
		A2C88C8E2B395D06DD6CE59E /* DictionaryDetail */ = {
			isa = PBXGroup;
			children = (
				9504F829166D18F5866A2EBA /* View */,
				C17854ACBEFBCEADC4B86F5E /* Presenter */,
				B745F3731B595D8373DD12F6 /* Interactor */,
				95D2C8CD2CD5B0EA3D445EFE /* Router */,
				E83329AA6871286EA0B8C8A5 /* Configurator */,
			);
			path = DictionaryDetail;
			sourceTree = "<group>";
		};
		A8DB1DB904AE5D8D207E3495 /* Interactor */ = {
			isa = PBXGroup;
			children = (
				FEEEC60D7456ED1F80954ACA /* IDAddFlashcardInteractorInput.swift */,
				859C7FA5B9480CAC19A818B2 /* IDAddFlashcardInteractorOutput.swift */,
				6C20C58D76B100F636642462 /* IDAddFlashcardInteractor.swift */,
			);
			path = Interactor;
			sourceTree = "<group>";
		};
		AAE0995652B857727ADCDFC4 /* DictionariesList */ = {
			isa = PBXGroup;
			children = (
				99F18022E078F68A4F8EB07D /* View */,
				604A948DF1569374A9FECED0 /* Presenter */,
				959AC816ECF0ED11F7B2ECBC /* Interactor */,
				B47170CD9B0214D5089D5823 /* Router */,
				8A86AF04ABBE5D90A3CDA6E0 /* Configurator */,
			);
			path = DictionariesList;
			sourceTree = "<group>";
		};
		ADD420B31037372373D732A3 /* Configurator */ = {
			isa = PBXGroup;
			children = (
				10C37CBF32F81E75A35E832F /* IDDictionariesListConfiguratorTests.swift */,
			);
			path = Configurator;
			sourceTree = "<group>";
		};
		B47170CD9B0214D5089D5823 /* Router */ = {
			isa = PBXGroup;
			children = (
				ABFCB653DBEFA22386B1E1BD /* IDDictionariesListRouterInput.swift */,
				EC138363548D5A04894A8A0F /* IDDictionariesListRouter.swift */,
			);
			path = Router;
			sourceTree = "<group>";
		};
		B47B2527E9A4FE1E3C48E820 /* Router */ = {
			isa = PBXGroup;
			children = (
				7121FA5BDB166E48857A7750 /* IDDictionariesListRouterTests.swift */,
			);
			path = Router;
			sourceTree = "<group>";
		};
		B745F3731B595D8373DD12F6 /* Interactor */ = {
			isa = PBXGroup;
			children = (
				1384E33B8960348149E6B8CF /* IDDictionaryDetailInteractorInput.swift */,
				E4F0957A7DB4E45593F50BA3 /* IDDictionaryDetailInteractorOutput.swift */,
				D36BFA38A97CF5BD7486E7C0 /* IDDictionaryDetailInteractor.swift */,
			);
			path = Interactor;
			sourceTree = "<group>";
		};
		C17854ACBEFBCEADC4B86F5E /* Presenter */ = {
			isa = PBXGroup;
			children = (
				128950BED6A34BB5B29054E8 /* IDDictionaryDetailModuleInput.swift */,
				5D53CD41234F11AE8C93E4B1 /* IDDictionaryDetailPresenter.swift */,
			);
			path = Presenter;
			sourceTree = "<group>";
		};
		C490E55ECD9AF6AC9C99A137 /* Modules */ = {
			isa = PBXGroup;
			children = (
				AAE0995652B857727ADCDFC4 /* DictionariesList */,
				A2C88C8E2B395D06DD6CE59E /* DictionaryDetail */,
				8515686450FE149E6EC7551B /* AddFlashcard */,
			);
			path = Modules;
			sourceTree = "<group>";
		};
		D09DC5A91EDE253D2AA91A8F /* Frameworks */ = {
			isa = PBXGroup;
			children = (
				C84D2429BA61854DBF241AF6 /* Pods_DigDic.framework */,
				93D42D706F8FFD958BD3D024 /* Pods_DigDicTests.framework */,
			);
			name = Frameworks;
			sourceTree = "<group>";
		};
		D3A2684B1039BB16EAD1569B /* View */ = {
			isa = PBXGroup;
			children = (
				24C91E446F5CB3D7309D95A1 /* IDDictionariesListViewTests.swift */,
			);
			path = View;
			sourceTree = "<group>";
		};
		E83329AA6871286EA0B8C8A5 /* Configurator */ = {
			isa = PBXGroup;
			children = (
				1A7CC6AEE3CFA1C0A0EDB2B9 /* IDDictionaryDetailConfigurator.swift */,
			);
			path = Configurator;
			sourceTree = "<group>";
		};
		EB2BE3D4C49022A56C220134 /* Interactor */ = {
			isa = PBXGroup;
			children = (
				1929641FC0E7D6686E0104DC /* IDDictionariesListInteractorTests.swift */,
			);
			path = Interactor;
			sourceTree = "<group>";
		};
		EC6E04ACBAE364A87BD5F402 /* Pods */ = {
			isa = PBXGroup;
			children = (
				7F1215E1957285839254C1F9 /* Pods-DigDic.debug.xcconfig */,
				CF3BF10209863A4F838B4745 /* Pods-DigDic.release.xcconfig */,
				E0191674B3B7921148B3326F /* Pods-DigDicTests.debug.xcconfig */,
				0126661D970EE6910779089C /* Pods-DigDicTests.release.xcconfig */,
			);
			name = Pods;
			sourceTree = "<group>";
		};
		FB56DE74303755C05C3F1C59 /* Router */ = {
			isa = PBXGroup;
			children = (
				9DA6E14FE57FC81FD580202B /* IDAddFlashcardRouterInput.swift */,
				84B0124A007F52F193869808 /* IDAddFlashcardRouter.swift */,
			);
			path = Router;
			sourceTree = "<group>";
		};
/* End PBXGroup section */

/* Begin PBXNativeTarget section */
		084F13C11D65E6A700E907D6 /* DigDic */ = {
			isa = PBXNativeTarget;
			buildConfigurationList = 084F13DF1D65E6A800E907D6 /* Build configuration list for PBXNativeTarget "DigDic" */;
			buildPhases = (
				96761C51294936A078B34FFC /* [CP] Check Pods Manifest.lock */,
				084F13BE1D65E6A700E907D6 /* Sources */,
				084F13BF1D65E6A700E907D6 /* Frameworks */,
				084F13C01D65E6A700E907D6 /* Resources */,
				58F6372F743F2838D367041B /* [CP] Embed Pods Frameworks */,
				9AC270F96536F0001E7D5682 /* [CP] Copy Pods Resources */,
			);
			buildRules = (
			);
			dependencies = (
			);
			name = DigDic;
			productName = DigDic;
			productReference = 084F13C21D65E6A700E907D6 /* DigDic.app */;
			productType = "com.apple.product-type.application";
		};
		084F13D51D65E6A700E907D6 /* DigDicTests */ = {
			isa = PBXNativeTarget;
			buildConfigurationList = 084F13E21D65E6A800E907D6 /* Build configuration list for PBXNativeTarget "DigDicTests" */;
			buildPhases = (
				1F19194223DDBD4184F211C9 /* [CP] Check Pods Manifest.lock */,
				084F13D21D65E6A700E907D6 /* Sources */,
				084F13D31D65E6A700E907D6 /* Frameworks */,
				084F13D41D65E6A700E907D6 /* Resources */,
				B1FD8621B8F165B646A827D5 /* [CP] Embed Pods Frameworks */,
				52163667DDAE333D116AA19C /* [CP] Copy Pods Resources */,
			);
			buildRules = (
			);
			dependencies = (
				084F13D81D65E6A700E907D6 /* PBXTargetDependency */,
			);
			name = DigDicTests;
			productName = DigDicTests;
			productReference = 084F13D61D65E6A700E907D6 /* DigDicTests.xctest */;
			productType = "com.apple.product-type.bundle.unit-test";
		};
/* End PBXNativeTarget section */

/* Begin PBXProject section */
		084F13BA1D65E6A700E907D6 /* Project object */ = {
			isa = PBXProject;
			attributes = {
				LastSwiftUpdateCheck = 0730;
				LastUpgradeCheck = 0730;
				ORGANIZATIONNAME = "Ilya Denisov";
				TargetAttributes = {
					084F13C11D65E6A700E907D6 = {
						CreatedOnToolsVersion = 7.3.1;
						DevelopmentTeam = RT92TJ3NKC;
					};
					084F13D51D65E6A700E907D6 = {
						CreatedOnToolsVersion = 7.3.1;
						TestTargetID = 084F13C11D65E6A700E907D6;
					};
				};
			};
			buildConfigurationList = 084F13BD1D65E6A700E907D6 /* Build configuration list for PBXProject "DigDic" */;
			compatibilityVersion = "Xcode 3.2";
			developmentRegion = English;
			hasScannedForEncodings = 0;
			knownRegions = (
				en,
				ru,
			);
			mainGroup = 084F13B91D65E6A700E907D6;
			productRefGroup = 084F13C31D65E6A700E907D6 /* Products */;
			projectDirPath = "";
			projectRoot = "";
			targets = (
				084F13C11D65E6A700E907D6 /* DigDic */,
				084F13D51D65E6A700E907D6 /* DigDicTests */,
			);
		};
/* End PBXProject section */

/* Begin PBXResourcesBuildPhase section */
		084F13C01D65E6A700E907D6 /* Resources */ = {
			isa = PBXResourcesBuildPhase;
			buildActionMask = 2147483647;
			files = (
				084F13EE1D65ED5E00E907D6 /* IDDictionariesListViewController.xib in Resources */,
				081CCDDE1D7CB4F9005B7035 /* IDDictionaryDetailImageCell.xib in Resources */,
				08DE58E21D66441D00C255E6 /* Localizable.strings in Resources */,
				086377AF1D776A1000ABB41B /* IDAddFlashcardSelectImageCell.xib in Resources */,
				0855514E1D75761900029EED /* IDAddFlashcardFooterView.xib in Resources */,
				08B4AB121D6E258100E5CE88 /* IDDictionaryDetailViewController.xib in Resources */,
				084F13E91D65EA7B00E907D6 /* Assets.xcassets in Resources */,
				081E909A1D70D490007FA7A1 /* IDAddFlashcardViewController.xib in Resources */,
			);
			runOnlyForDeploymentPostprocessing = 0;
		};
		084F13D41D65E6A700E907D6 /* Resources */ = {
			isa = PBXResourcesBuildPhase;
			buildActionMask = 2147483647;
			files = (
			);
			runOnlyForDeploymentPostprocessing = 0;
		};
/* End PBXResourcesBuildPhase section */

/* Begin PBXShellScriptBuildPhase section */
		1F19194223DDBD4184F211C9 /* [CP] Check Pods Manifest.lock */ = {
			isa = PBXShellScriptBuildPhase;
			buildActionMask = 2147483647;
			files = (
			);
			inputPaths = (
			);
			name = "[CP] Check Pods Manifest.lock";
			outputPaths = (
			);
			runOnlyForDeploymentPostprocessing = 0;
			shellPath = /bin/sh;
			shellScript = "diff \"${PODS_ROOT}/../Podfile.lock\" \"${PODS_ROOT}/Manifest.lock\" > /dev/null\nif [[ $? != 0 ]] ; then\n    cat << EOM\nerror: The sandbox is not in sync with the Podfile.lock. Run 'pod install' or update your CocoaPods installation.\nEOM\n    exit 1\nfi\n";
			showEnvVarsInLog = 0;
		};
		52163667DDAE333D116AA19C /* [CP] Copy Pods Resources */ = {
			isa = PBXShellScriptBuildPhase;
			buildActionMask = 2147483647;
			files = (
			);
			inputPaths = (
			);
			name = "[CP] Copy Pods Resources";
			outputPaths = (
			);
			runOnlyForDeploymentPostprocessing = 0;
			shellPath = /bin/sh;
			shellScript = "\"${SRCROOT}/Pods/Target Support Files/Pods-DigDicTests/Pods-DigDicTests-resources.sh\"\n";
			showEnvVarsInLog = 0;
		};
		58F6372F743F2838D367041B /* [CP] Embed Pods Frameworks */ = {
			isa = PBXShellScriptBuildPhase;
			buildActionMask = 2147483647;
			files = (
			);
			inputPaths = (
			);
			name = "[CP] Embed Pods Frameworks";
			outputPaths = (
			);
			runOnlyForDeploymentPostprocessing = 0;
			shellPath = /bin/sh;
			shellScript = "\"${SRCROOT}/Pods/Target Support Files/Pods-DigDic/Pods-DigDic-frameworks.sh\"\n";
			showEnvVarsInLog = 0;
		};
		96761C51294936A078B34FFC /* [CP] Check Pods Manifest.lock */ = {
			isa = PBXShellScriptBuildPhase;
			buildActionMask = 2147483647;
			files = (
			);
			inputPaths = (
			);
			name = "[CP] Check Pods Manifest.lock";
			outputPaths = (
			);
			runOnlyForDeploymentPostprocessing = 0;
			shellPath = /bin/sh;
			shellScript = "diff \"${PODS_ROOT}/../Podfile.lock\" \"${PODS_ROOT}/Manifest.lock\" > /dev/null\nif [[ $? != 0 ]] ; then\n    cat << EOM\nerror: The sandbox is not in sync with the Podfile.lock. Run 'pod install' or update your CocoaPods installation.\nEOM\n    exit 1\nfi\n";
			showEnvVarsInLog = 0;
		};
		9AC270F96536F0001E7D5682 /* [CP] Copy Pods Resources */ = {
			isa = PBXShellScriptBuildPhase;
			buildActionMask = 2147483647;
			files = (
			);
			inputPaths = (
			);
			name = "[CP] Copy Pods Resources";
			outputPaths = (
			);
			runOnlyForDeploymentPostprocessing = 0;
			shellPath = /bin/sh;
			shellScript = "\"${SRCROOT}/Pods/Target Support Files/Pods-DigDic/Pods-DigDic-resources.sh\"\n";
			showEnvVarsInLog = 0;
		};
		B1FD8621B8F165B646A827D5 /* [CP] Embed Pods Frameworks */ = {
			isa = PBXShellScriptBuildPhase;
			buildActionMask = 2147483647;
			files = (
			);
			inputPaths = (
			);
			name = "[CP] Embed Pods Frameworks";
			outputPaths = (
			);
			runOnlyForDeploymentPostprocessing = 0;
			shellPath = /bin/sh;
			shellScript = "\"${SRCROOT}/Pods/Target Support Files/Pods-DigDicTests/Pods-DigDicTests-frameworks.sh\"\n";
			showEnvVarsInLog = 0;
		};
/* End PBXShellScriptBuildPhase section */

/* Begin PBXSourcesBuildPhase section */
		084F13BE1D65E6A700E907D6 /* Sources */ = {
			isa = PBXSourcesBuildPhase;
			buildActionMask = 2147483647;
			files = (
				086377B31D776B3500ABB41B /* IDAddFlashcardCellObjectBuilderFactory.swift in Sources */,
				081CCDD51D7CAD66005B7035 /* IDDictionaryDetailCell.swift in Sources */,
				084F13C61D65E6A700E907D6 /* AppDelegate.swift in Sources */,
				D77E4143B6B5F5F011066236 /* IDDictionariesListViewInput.swift in Sources */,
				8BBCF3710B1094637156C098 /* IDDictionariesListViewOutput.swift in Sources */,
				F4934EB3922FB4741E358414 /* IDDictionariesListViewController.swift in Sources */,
				081CC38B1D761572001E3293 /* IDAddFlashcardFormView.swift in Sources */,
				084F14011D65F40300E907D6 /* IDBaseModuleInput.swift in Sources */,
				3A2EC88414525B4CC6D8B395 /* IDDictionariesListModuleInput.swift in Sources */,
				084F13FF1D65F3D200E907D6 /* IDBaseViewOutput.swift in Sources */,
				DBC18666997231F8BE46F665 /* IDDictionariesListPresenter.swift in Sources */,
				D950E713B8C50D2CD0F88137 /* IDDictionariesListInteractorInput.swift in Sources */,
				086377A31D7763C000ABB41B /* IDAddFlashcardSelectImageCell.swift in Sources */,
				084F14041D65F42F00E907D6 /* IDBaseInteractorInput.swift in Sources */,
				084F13FE1D65F3D200E907D6 /* IDBaseViewInput.swift in Sources */,
				084F14051D65F42F00E907D6 /* IDBaseInteractorOutput.swift in Sources */,
				645833ABEB171AE312D8A55F /* IDDictionariesListInteractorOutput.swift in Sources */,
				E6773595B873EC1A9F11C691 /* IDDictionariesListInteractor.swift in Sources */,
				086E79291D6B3C3000EB081F /* UINavigationItem+Buttons.swift in Sources */,
				08023FBB1D7E105100FB5D47 /* IDDictionaryDetailFlashcardView.swift in Sources */,
				086377B81D77708800ABB41B /* IDAddFlashcardCellObjectBuilder.swift in Sources */,
				08A1ADEE1D7B69B1006A39DA /* IDBaseService.swift in Sources */,
				08DE58EA1D6646C600C255E6 /* String+Localized.swift in Sources */,
				0DA718AC741D71F25AF3E63E /* IDDictionariesListRouterInput.swift in Sources */,
				6BEE48A86F54732D103C0EA7 /* IDDictionariesListRouter.swift in Sources */,
				03CA0AF00450ADE64E177428 /* IDDictionariesListConfigurator.swift in Sources */,
				084F13F61D65F34000E907D6 /* IDBaseNavigationController.swift in Sources */,
				086377BA1D77715C00ABB41B /* IDAddFlashcardImageDataHolder.swift in Sources */,
				0863779C1D77620E00ABB41B /* IDAddFlashcardDataDisplayManager.swift in Sources */,
				08A1ADF01D7B69B1006A39DA /* IDFlashcard.swift in Sources */,
				0863B6B21D7376EA009EB5B6 /* IDBaseRouter.swift in Sources */,
				084F14071D65F45900E907D6 /* IDBaseRouterInput.swift in Sources */,
				2842A9EFCB076636AF741314 /* IDDictionaryDetailViewInput.swift in Sources */,
				081CCDDC1D7CB2B1005B7035 /* IDLDBFlashcardData.swift in Sources */,
				D64F75F3512D5B6D36299F6F /* IDDictionaryDetailViewOutput.swift in Sources */,
				27EB1517FB15D56B1309070C /* IDDictionaryDetailViewController.swift in Sources */,
				9E16193D6E59C89286EDCFC6 /* IDDictionaryDetailModuleInput.swift in Sources */,
				085551461D756C5C00029EED /* IDDictionariesListDataDisplayManagerDelegate.swift in Sources */,
				081CCDCA1D7CAB51005B7035 /* IDDictionaryDetailDataDisplayManager.swift in Sources */,
				2FA28F005BCA8B90F7689106 /* IDDictionaryDetailPresenter.swift in Sources */,
				11C3552D9EE7CF14FE232EA1 /* IDDictionaryDetailInteractorInput.swift in Sources */,
				E1528A507EC1ED583A1D779D /* IDDictionaryDetailInteractorOutput.swift in Sources */,
				081CCDD01D7CACF8005B7035 /* IDDictionaryDetailCellObjectBuilder.swift in Sources */,
				086377BC1D7773F600ABB41B /* IDAddFlashcardSelectImageCellObjectBuilder.swift in Sources */,
				08A1ADF51D7B69B1006A39DA /* IDLocalDataBaseSource.swift in Sources */,
				081CCDCD1D7CACAF005B7035 /* IDDictionaryDetailCellObjectBuilderFactory.swift in Sources */,
				B2CCC394C90704661B24D48C /* IDDictionaryDetailInteractor.swift in Sources */,
				2F4A22408AA6CC7F2BEAC5FE /* IDDictionaryDetailRouterInput.swift in Sources */,
				7D248BD796BDFCC6C8090F6E /* IDDictionaryDetailRouter.swift in Sources */,
				081CCDD81D7CAD8A005B7035 /* IDDictionaryDetailImageCell.swift in Sources */,
				081CCDD21D7CAD2C005B7035 /* IDDictionaryDetailImageCellObjectBuilder.swift in Sources */,
				081CC38D1D761C62001E3293 /* IDAddFlashcardFooterViewDelegate.swift in Sources */,
				E14DC73B8A2B4A5F519456B6 /* IDDictionaryDetailConfigurator.swift in Sources */,
				3A589DF7CE3A82FA81825F11 /* IDAddFlashcardViewInput.swift in Sources */,
				81A46CF3F23D045497A06F7C /* IDAddFlashcardViewOutput.swift in Sources */,
				08A1ADEF1D7B69B1006A39DA /* IDDictionaryService.swift in Sources */,
				081CCDC71D7C65A4005B7035 /* IDDictionaryDetailFlashcardSubView.swift in Sources */,
				0855514C1D7575F400029EED /* IDAddFlashcardFooterView.swift in Sources */,
				FB959B8ED252B3488930458E /* IDAddFlashcardViewController.swift in Sources */,
				B3CC735E2E05C0A96A4CED4F /* IDAddFlashcardModuleInput.swift in Sources */,
				E341AE691D11286488A115FB /* IDAddFlashcardPresenter.swift in Sources */,
				B52ACF295E17B5AF55110598 /* IDAddFlashcardInteractorInput.swift in Sources */,
				081CCDDA1D7CB1B9005B7035 /* IDFlashcardData.swift in Sources */,
				2CA3BD01F8EDABDEAEC4B49C /* IDAddFlashcardInteractorOutput.swift in Sources */,
				08A1ADF41D7B69B1006A39DA /* IDDictionarySource.swift in Sources */,
				0D326EF69ED452DDCBA125D4 /* IDAddFlashcardInteractor.swift in Sources */,
				086377A51D77649A00ABB41B /* IDAddFlashcardCell.swift in Sources */,
				081E90A11D70E137007FA7A1 /* IDBaseViewController.swift in Sources */,
				2C9D64258F6D0546CBC4A175 /* IDAddFlashcardRouterInput.swift in Sources */,
				08A1ADF61D7B69B1006A39DA /* IDLDBDictionary.swift in Sources */,
				086377B61D77704D00ABB41B /* IDAddFlashcardDataHolder.swift in Sources */,
				086377BE1D77790C00ABB41B /* IDAddFlashcardDataDisplayManagerDelegate.swift in Sources */,
				08A1ADFB1D7B69E9006A39DA /* IDImageManager.swift in Sources */,
				083935231D744C9B00F71B29 /* IDDictionariesListDataDisplayManager.swift in Sources */,
				6F407B79A3CA2FDFC84E1C13 /* IDAddFlashcardRouter.swift in Sources */,
				D9744579C7C02E065E1F9210 /* IDAddFlashcardConfigurator.swift in Sources */,
				08A1ADF31D7B69B1006A39DA /* IDDictionary.swift in Sources */,
				08A1ADF71D7B69B1006A39DA /* IDLDBFlashcard.swift in Sources */,
			);
			runOnlyForDeploymentPostprocessing = 0;
		};
		084F13D21D65E6A700E907D6 /* Sources */ = {
			isa = PBXSourcesBuildPhase;
			buildActionMask = 2147483647;
			files = (
				084F13DB1D65E6A700E907D6 /* DigDicTests.swift in Sources */,
				339DD14E95BF5AF0DC00977E /* IDDictionariesListConfiguratorTests.swift in Sources */,
				F3F4A4232F4F275D20CCCC7C /* IDDictionariesListViewTests.swift in Sources */,
				0A4AE09DC7EE733B2B21606E /* IDDictionariesListInteractorTests.swift in Sources */,
				AFDE776B46B4E495392A2203 /* IDDictionariesListPresenterTests.swift in Sources */,
				E40F1C69ADBDC50D9092E798 /* IDDictionariesListRouterTests.swift in Sources */,
				5C0012D36CCA29A97C3E4791 /* IDDictionaryDetailConfiguratorTests.swift in Sources */,
				723B8F6A7EF19D54FBE078DB /* IDDictionaryDetailViewTests.swift in Sources */,
				8B61583EBE1ECD654801F713 /* IDDictionaryDetailInteractorTests.swift in Sources */,
				0D4403A125CDA0E1009047FE /* IDDictionaryDetailPresenterTests.swift in Sources */,
				6D39CD993FA191235D64318F /* IDDictionaryDetailRouterTests.swift in Sources */,
				5563309313CFCDF970F42CC7 /* IDAddWordConfiguratorTests.swift in Sources */,
				CC3CB1D1E8A052B64771FD32 /* IDAddWordViewTests.swift in Sources */,
				E21AA1EA9B4B2DE4C5FED40B /* IDAddWordInteractorTests.swift in Sources */,
				45701B33D8CD4B50949B4296 /* IDAddWordPresenterTests.swift in Sources */,
				7ADD40745138FAACBC72F159 /* IDAddWordRouterTests.swift in Sources */,
			);
			runOnlyForDeploymentPostprocessing = 0;
		};
/* End PBXSourcesBuildPhase section */

/* Begin PBXTargetDependency section */
		084F13D81D65E6A700E907D6 /* PBXTargetDependency */ = {
			isa = PBXTargetDependency;
			target = 084F13C11D65E6A700E907D6 /* DigDic */;
			targetProxy = 084F13D71D65E6A700E907D6 /* PBXContainerItemProxy */;
		};
/* End PBXTargetDependency section */

/* Begin PBXVariantGroup section */
		08DE58E41D66441D00C255E6 /* Localizable.strings */ = {
			isa = PBXVariantGroup;
			children = (
				08DE58E31D66441D00C255E6 /* en */,
			);
			name = Localizable.strings;
			sourceTree = "<group>";
		};
/* End PBXVariantGroup section */

/* Begin XCBuildConfiguration section */
		084F13DD1D65E6A700E907D6 /* Debug */ = {
			isa = XCBuildConfiguration;
			buildSettings = {
				ALWAYS_SEARCH_USER_PATHS = NO;
				CLANG_ANALYZER_NONNULL = YES;
				CLANG_CXX_LANGUAGE_STANDARD = "gnu++0x";
				CLANG_CXX_LIBRARY = "libc++";
				CLANG_ENABLE_MODULES = YES;
				CLANG_ENABLE_OBJC_ARC = YES;
				CLANG_WARN_BOOL_CONVERSION = YES;
				CLANG_WARN_CONSTANT_CONVERSION = YES;
				CLANG_WARN_DIRECT_OBJC_ISA_USAGE = YES_ERROR;
				CLANG_WARN_EMPTY_BODY = YES;
				CLANG_WARN_ENUM_CONVERSION = YES;
				CLANG_WARN_INT_CONVERSION = YES;
				CLANG_WARN_OBJC_ROOT_CLASS = YES_ERROR;
				CLANG_WARN_UNREACHABLE_CODE = YES;
				CLANG_WARN__DUPLICATE_METHOD_MATCH = YES;
				"CODE_SIGN_IDENTITY[sdk=iphoneos*]" = "iPhone Developer";
				COPY_PHASE_STRIP = NO;
				DEBUG_INFORMATION_FORMAT = dwarf;
				ENABLE_STRICT_OBJC_MSGSEND = YES;
				ENABLE_TESTABILITY = YES;
				GCC_C_LANGUAGE_STANDARD = gnu99;
				GCC_DYNAMIC_NO_PIC = NO;
				GCC_NO_COMMON_BLOCKS = YES;
				GCC_OPTIMIZATION_LEVEL = 0;
				GCC_PREPROCESSOR_DEFINITIONS = (
					"DEBUG=1",
					"$(inherited)",
				);
				GCC_WARN_64_TO_32_BIT_CONVERSION = YES;
				GCC_WARN_ABOUT_RETURN_TYPE = YES_ERROR;
				GCC_WARN_UNDECLARED_SELECTOR = YES;
				GCC_WARN_UNINITIALIZED_AUTOS = YES_AGGRESSIVE;
				GCC_WARN_UNUSED_FUNCTION = YES;
				GCC_WARN_UNUSED_VARIABLE = YES;
				IPHONEOS_DEPLOYMENT_TARGET = 9.3;
				MTL_ENABLE_DEBUG_INFO = YES;
				ONLY_ACTIVE_ARCH = YES;
				SDKROOT = iphoneos;
				SWIFT_OPTIMIZATION_LEVEL = "-Onone";
			};
			name = Debug;
		};
		084F13DE1D65E6A700E907D6 /* Release */ = {
			isa = XCBuildConfiguration;
			buildSettings = {
				ALWAYS_SEARCH_USER_PATHS = NO;
				CLANG_ANALYZER_NONNULL = YES;
				CLANG_CXX_LANGUAGE_STANDARD = "gnu++0x";
				CLANG_CXX_LIBRARY = "libc++";
				CLANG_ENABLE_MODULES = YES;
				CLANG_ENABLE_OBJC_ARC = YES;
				CLANG_WARN_BOOL_CONVERSION = YES;
				CLANG_WARN_CONSTANT_CONVERSION = YES;
				CLANG_WARN_DIRECT_OBJC_ISA_USAGE = YES_ERROR;
				CLANG_WARN_EMPTY_BODY = YES;
				CLANG_WARN_ENUM_CONVERSION = YES;
				CLANG_WARN_INT_CONVERSION = YES;
				CLANG_WARN_OBJC_ROOT_CLASS = YES_ERROR;
				CLANG_WARN_UNREACHABLE_CODE = YES;
				CLANG_WARN__DUPLICATE_METHOD_MATCH = YES;
				"CODE_SIGN_IDENTITY[sdk=iphoneos*]" = "iPhone Developer";
				COPY_PHASE_STRIP = NO;
				DEBUG_INFORMATION_FORMAT = "dwarf-with-dsym";
				ENABLE_NS_ASSERTIONS = NO;
				ENABLE_STRICT_OBJC_MSGSEND = YES;
				GCC_C_LANGUAGE_STANDARD = gnu99;
				GCC_NO_COMMON_BLOCKS = YES;
				GCC_WARN_64_TO_32_BIT_CONVERSION = YES;
				GCC_WARN_ABOUT_RETURN_TYPE = YES_ERROR;
				GCC_WARN_UNDECLARED_SELECTOR = YES;
				GCC_WARN_UNINITIALIZED_AUTOS = YES_AGGRESSIVE;
				GCC_WARN_UNUSED_FUNCTION = YES;
				GCC_WARN_UNUSED_VARIABLE = YES;
				IPHONEOS_DEPLOYMENT_TARGET = 9.3;
				MTL_ENABLE_DEBUG_INFO = NO;
				SDKROOT = iphoneos;
				VALIDATE_PRODUCT = YES;
			};
			name = Release;
		};
		084F13E01D65E6A800E907D6 /* Debug */ = {
			isa = XCBuildConfiguration;
			baseConfigurationReference = 7F1215E1957285839254C1F9 /* Pods-DigDic.debug.xcconfig */;
			buildSettings = {
				ASSETCATALOG_COMPILER_APPICON_NAME = AppIcon;
				CODE_SIGN_IDENTITY = "iPhone Developer";
				"CODE_SIGN_IDENTITY[sdk=iphoneos*]" = "iPhone Developer";
				INFOPLIST_FILE = "DigDic/Supporting Files/Info.plist";
				LD_RUNPATH_SEARCH_PATHS = "$(inherited) @executable_path/Frameworks";
				PRODUCT_BUNDLE_IDENTIFIER = developer.digdic;
				PRODUCT_NAME = "$(TARGET_NAME)";
				PROVISIONING_PROFILE = "";
			};
			name = Debug;
		};
		084F13E11D65E6A800E907D6 /* Release */ = {
			isa = XCBuildConfiguration;
			baseConfigurationReference = CF3BF10209863A4F838B4745 /* Pods-DigDic.release.xcconfig */;
			buildSettings = {
				ASSETCATALOG_COMPILER_APPICON_NAME = AppIcon;
				CODE_SIGN_IDENTITY = "iPhone Developer";
				"CODE_SIGN_IDENTITY[sdk=iphoneos*]" = "iPhone Developer";
				INFOPLIST_FILE = "DigDic/Supporting Files/Info.plist";
				LD_RUNPATH_SEARCH_PATHS = "$(inherited) @executable_path/Frameworks";
				PRODUCT_BUNDLE_IDENTIFIER = developer.digdic;
				PRODUCT_NAME = "$(TARGET_NAME)";
				PROVISIONING_PROFILE = "";
			};
			name = Release;
		};
		084F13E31D65E6A800E907D6 /* Debug */ = {
			isa = XCBuildConfiguration;
			baseConfigurationReference = E0191674B3B7921148B3326F /* Pods-DigDicTests.debug.xcconfig */;
			buildSettings = {
				BUNDLE_LOADER = "$(TEST_HOST)";
				INFOPLIST_FILE = DigDicTests/Info.plist;
				LD_RUNPATH_SEARCH_PATHS = "$(inherited) @executable_path/Frameworks @loader_path/Frameworks";
				PRODUCT_BUNDLE_IDENTIFIER = ios.DigDicTests;
				PRODUCT_NAME = "$(TARGET_NAME)";
				TEST_HOST = "$(BUILT_PRODUCTS_DIR)/DigDic.app/DigDic";
			};
			name = Debug;
		};
		084F13E41D65E6A800E907D6 /* Release */ = {
			isa = XCBuildConfiguration;
			baseConfigurationReference = 0126661D970EE6910779089C /* Pods-DigDicTests.release.xcconfig */;
			buildSettings = {
				BUNDLE_LOADER = "$(TEST_HOST)";
				INFOPLIST_FILE = DigDicTests/Info.plist;
				LD_RUNPATH_SEARCH_PATHS = "$(inherited) @executable_path/Frameworks @loader_path/Frameworks";
				PRODUCT_BUNDLE_IDENTIFIER = ios.DigDicTests;
				PRODUCT_NAME = "$(TARGET_NAME)";
				TEST_HOST = "$(BUILT_PRODUCTS_DIR)/DigDic.app/DigDic";
			};
			name = Release;
		};
/* End XCBuildConfiguration section */

/* Begin XCConfigurationList section */
		084F13BD1D65E6A700E907D6 /* Build configuration list for PBXProject "DigDic" */ = {
			isa = XCConfigurationList;
			buildConfigurations = (
				084F13DD1D65E6A700E907D6 /* Debug */,
				084F13DE1D65E6A700E907D6 /* Release */,
			);
			defaultConfigurationIsVisible = 0;
			defaultConfigurationName = Release;
		};
		084F13DF1D65E6A800E907D6 /* Build configuration list for PBXNativeTarget "DigDic" */ = {
			isa = XCConfigurationList;
			buildConfigurations = (
				084F13E01D65E6A800E907D6 /* Debug */,
				084F13E11D65E6A800E907D6 /* Release */,
			);
			defaultConfigurationIsVisible = 0;
			defaultConfigurationName = Release;
		};
		084F13E21D65E6A800E907D6 /* Build configuration list for PBXNativeTarget "DigDicTests" */ = {
			isa = XCConfigurationList;
			buildConfigurations = (
				084F13E31D65E6A800E907D6 /* Debug */,
				084F13E41D65E6A800E907D6 /* Release */,
			);
			defaultConfigurationIsVisible = 0;
			defaultConfigurationName = Release;
		};
/* End XCConfigurationList section */
	};
	rootObject = 084F13BA1D65E6A700E907D6 /* Project object */;
}
